// !$*UTF8*$!
{
	archiveVersion = 1;
	classes = {
	};
	objectVersion = 70;
	objects = {

/* Begin PBXBuildFile section */
		CD06C2702C69B10600FC010C /* SearchSheet.swift in Sources */ = {isa = PBXBuildFile; fileRef = CD06C26F2C69B10100FC010C /* SearchSheet.swift */; };
		CD0EEB7F2C7BB0B500DB9896 /* EntryView.swift in Sources */ = {isa = PBXBuildFile; fileRef = CD0EEB7E2C7BB0B300DB9896 /* EntryView.swift */; };
		CD0EEB822C7BB11600DB9896 /* ReplyView.swift in Sources */ = {isa = PBXBuildFile; fileRef = CD0EEB812C7BB11200DB9896 /* ReplyView.swift */; };
		CD132AA32C6DDB7200C16804 /* BigUIPaging in Frameworks */ = {isa = PBXBuildFile; productRef = CD132AA22C6DDB7200C16804 /* BigUIPaging */; };
		CD132AA72C6DE76900C16804 /* Loupe.metal in Sources */ = {isa = PBXBuildFile; fileRef = CD132AA62C6DE76900C16804 /* Loupe.metal */; };
		CD132AA92C6DE7B400C16804 /* Loupe.swift in Sources */ = {isa = PBXBuildFile; fileRef = CD132AA82C6DE7B100C16804 /* Loupe.swift */; };
		CD27939C2C7B883D00486C1D /* AvatarView.swift in Sources */ = {isa = PBXBuildFile; fileRef = CD27939B2C7B883C00486C1D /* AvatarView.swift */; };
		CD43324F2C82A856009ADBF0 /* RecentlyPlayedView.swift in Sources */ = {isa = PBXBuildFile; fileRef = CD43324E2C82A852009ADBF0 /* RecentlyPlayedView.swift */; };
		CD4332512C82B148009ADBF0 /* SearchBar.swift in Sources */ = {isa = PBXBuildFile; fileRef = CD4332502C82B146009ADBF0 /* SearchBar.swift */; };
		CD614C402C7489050059C80F /* MusicKit.swift in Sources */ = {isa = PBXBuildFile; fileRef = CD614C3F2C7488FF0059C80F /* MusicKit.swift */; };
		CD614C422C74BA1D0059C80F /* MusicKitModel.swift in Sources */ = {isa = PBXBuildFile; fileRef = CD614C412C74BA150059C80F /* MusicKitModel.swift */; };
		CD69761F2C51B9F0003E4481 /* Iridescent.metal in Sources */ = {isa = PBXBuildFile; fileRef = CD69761E2C51B9EA003E4481 /* Iridescent.metal */; };
		CD8CFDA62C6F02E600D7DEA7 /* HomeScreen.swift in Sources */ = {isa = PBXBuildFile; fileRef = CD8CFDA52C6F02E600D7DEA7 /* HomeScreen.swift */; };
		CD8CFDA82C6F02F100D7DEA7 /* HomePastView.swift in Sources */ = {isa = PBXBuildFile; fileRef = CD8CFDA72C6F02F100D7DEA7 /* HomePastView.swift */; };
		CD8CFDAA2C6F030100D7DEA7 /* FeedBarView.swift in Sources */ = {isa = PBXBuildFile; fileRef = CD8CFDA92C6F030100D7DEA7 /* FeedBarView.swift */; };
		CD8D197F2C24E3D300FDC979 /* Auth.swift in Sources */ = {isa = PBXBuildFile; fileRef = CD8D197E2C24E3CD00FDC979 /* Auth.swift */; };
		CD8D19832C27973D00FDC979 /* NotificationModel.swift in Sources */ = {isa = PBXBuildFile; fileRef = CD8D19822C27973800FDC979 /* NotificationModel.swift */; };
		CD9CC8682C1AA82900E65A86 /* SearchAPI.swift in Sources */ = {isa = PBXBuildFile; fileRef = CD9CC8672C1AA82900E65A86 /* SearchAPI.swift */; };
		CD9F27442C5C3C2A0094C7E5 /* NormalMap.ci.metal in Sources */ = {isa = PBXBuildFile; fileRef = CD9F27432C5C3C2A0094C7E5 /* NormalMap.ci.metal */; };
		CDA330AE2C39EFF200622779 /* TapbackView.swift in Sources */ = {isa = PBXBuildFile; fileRef = CDA330AD2C39EFEE00622779 /* TapbackView.swift */; };
		CDAE7D0F2C718CA900254E56 /* VariableBlur.swift in Sources */ = {isa = PBXBuildFile; fileRef = CDAE7D0E2C718CA700254E56 /* VariableBlur.swift */; };
		CDC37D4C2C606C2A002D2709 /* Iridescent.metal in Sources */ = {isa = PBXBuildFile; fileRef = CDC37D4B2C606C2A002D2709 /* Iridescent.metal */; };
		CDD48E182C62C20F0001C4E8 /* HomeWallView.swift in Sources */ = {isa = PBXBuildFile; fileRef = CDD48E172C62C20B0001C4E8 /* HomeWallView.swift */; };
		CDD48E1B2C62C26B0001C4E8 /* Wave in Frameworks */ = {isa = PBXBuildFile; productRef = CDD48E1A2C62C26B0001C4E8 /* Wave */; };
		CDD48E272C62C2C20001C4E8 /* HelloStickerView.swift in Sources */ = {isa = PBXBuildFile; fileRef = CDD48E1F2C62C2C20001C4E8 /* HelloStickerView.swift */; };
		CDD48E2E2C62FA6B0001C4E8 /* MKSymbolShape.swift in Sources */ = {isa = PBXBuildFile; fileRef = CDD48E2D2C62FA670001C4E8 /* MKSymbolShape.swift */; };
		CDDED7362C194C8400958B39 /* App.swift in Sources */ = {isa = PBXBuildFile; fileRef = CDDED7352C194C8400958B39 /* App.swift */; };
		CDDED73A2C194C8500958B39 /* Assets.xcassets in Resources */ = {isa = PBXBuildFile; fileRef = CDDED7392C194C8500958B39 /* Assets.xcassets */; };
		CDDED73D2C194C8500958B39 /* Preview Assets.xcassets in Resources */ = {isa = PBXBuildFile; fileRef = CDDED73C2C194C8500958B39 /* Preview Assets.xcassets */; };
		CDDED73F2C194C8500958B39 /* Persistence.swift in Sources */ = {isa = PBXBuildFile; fileRef = CDDED73E2C194C8500958B39 /* Persistence.swift */; };
		CDDED7422C194C8500958B39 /* acusia.xcdatamodeld in Sources */ = {isa = PBXBuildFile; fileRef = CDDED7402C194C8500958B39 /* acusia.xcdatamodeld */; };
		CDDED74C2C194C8600958B39 /* acusiaTests.swift in Sources */ = {isa = PBXBuildFile; fileRef = CDDED74B2C194C8600958B39 /* acusiaTests.swift */; };
		CDDED7562C194C8600958B39 /* acusiaUITests.swift in Sources */ = {isa = PBXBuildFile; fileRef = CDDED7552C194C8600958B39 /* acusiaUITests.swift */; };
		CDDED7582C194C8600958B39 /* acusiaUITestsLaunchTests.swift in Sources */ = {isa = PBXBuildFile; fileRef = CDDED7572C194C8600958B39 /* acusiaUITestsLaunchTests.swift */; };
		CDDED77D2C19520300958B39 /* FeedModel.swift in Sources */ = {isa = PBXBuildFile; fileRef = CDDED7792C19520300958B39 /* FeedModel.swift */; };
		CDDED77E2C19520300958B39 /* SearchModel.swift in Sources */ = {isa = PBXBuildFile; fileRef = CDDED77A2C19520300958B39 /* SearchModel.swift */; };
		CDDED77F2C19520300958B39 /* UserModel.swift in Sources */ = {isa = PBXBuildFile; fileRef = CDDED77B2C19520300958B39 /* UserModel.swift */; };
		CDDED7822C1953AC00958B39 /* FeedAPI.swift in Sources */ = {isa = PBXBuildFile; fileRef = CDDED7812C1953A700958B39 /* FeedAPI.swift */; };
		CDDED7842C1953F800958B39 /* UserAPI.swift in Sources */ = {isa = PBXBuildFile; fileRef = CDDED7832C1953F400958B39 /* UserAPI.swift */; };
		CDDED7862C19543D00958B39 /* CoreData.swift in Sources */ = {isa = PBXBuildFile; fileRef = CDDED7852C19543D00958B39 /* CoreData.swift */; };
		CDDED7892C1955C100958B39 /* AuthScreen.swift in Sources */ = {isa = PBXBuildFile; fileRef = CDDED7882C1955BD00958B39 /* AuthScreen.swift */; };
		CDDED78F2C195B2700958B39 /* HomeFeedView.swift in Sources */ = {isa = PBXBuildFile; fileRef = CDDED78E2C195B2400958B39 /* HomeFeedView.swift */; };
		CDE14A452C8118C600D0F172 /* PathViews.swift in Sources */ = {isa = PBXBuildFile; fileRef = CDE14A442C8118C400D0F172 /* PathViews.swift */; };
		CDE43C0D2C854DF60009CB87 /* VGrid.swift in Sources */ = {isa = PBXBuildFile; fileRef = CDE43C0C2C854DF10009CB87 /* VGrid.swift */; };
		CDE879012C778EA700052193 /* IridescentPreview.swift in Sources */ = {isa = PBXBuildFile; fileRef = CDE879002C778E9F00052193 /* IridescentPreview.swift */; };
		CDEB4E922C44AB5800DFF026 /* EntryAPI.swift in Sources */ = {isa = PBXBuildFile; fileRef = CDEB4E912C44AB5600DFF026 /* EntryAPI.swift */; };
		CDF652B32C6EE1EC00C5D42B /* CustomCardDeckPageView.swift in Sources */ = {isa = PBXBuildFile; fileRef = CDF652B22C6EE1E700C5D42B /* CustomCardDeckPageView.swift */; };
/* End PBXBuildFile section */

/* Begin PBXBuildRule section */
		CD9F27412C5C3B100094C7E5 /* PBXBuildRule */ = {
			isa = PBXBuildRule;
			compilerSpec = com.apple.compilers.proxy.script;
			filePatterns = "*.ci.metal";
			fileType = pattern.proxy;
			inputFiles = (
			);
			isEditable = 1;
			outputFiles = (
				"$(DERIVED_FILE_DIR)/$(INPUT_FILE_BASE).air",
			);
			script = "xcrun metal -c -fcikernel  \"${INPUT_FILE_PATH}\" -o \"${SCRIPT_OUTPUT_FILE_0}\"\n";
		};
		CD9F27422C5C3B770094C7E5 /* PBXBuildRule */ = {
			isa = PBXBuildRule;
			compilerSpec = com.apple.compilers.proxy.script;
			filePatterns = "*.ci.air";
			fileType = pattern.proxy;
			inputFiles = (
			);
			isEditable = 1;
			outputFiles = (
				"$(METAL_LIBRARY_OUTPUT_DIR)/$(INPUT_FILE_BASE).metallib",
			);
			script = "xcrun metallib -cikernel \"${INPUT_FILE_PATH}\" -o \"${SCRIPT_OUTPUT_FILE_0}\"\n";
		};
/* End PBXBuildRule section */

/* Begin PBXContainerItemProxy section */
		CDDED7482C194C8600958B39 /* PBXContainerItemProxy */ = {
			isa = PBXContainerItemProxy;
			containerPortal = CDDED72A2C194C8400958B39 /* Project object */;
			proxyType = 1;
			remoteGlobalIDString = CDDED7312C194C8400958B39;
			remoteInfo = acusia;
		};
		CDDED7522C194C8600958B39 /* PBXContainerItemProxy */ = {
			isa = PBXContainerItemProxy;
			containerPortal = CDDED72A2C194C8400958B39 /* Project object */;
			proxyType = 1;
			remoteGlobalIDString = CDDED7312C194C8400958B39;
			remoteInfo = acusia;
		};
/* End PBXContainerItemProxy section */

/* Begin PBXFileReference section */
		CD06C26F2C69B10100FC010C /* SearchSheet.swift */ = {isa = PBXFileReference; lastKnownFileType = sourcecode.swift; path = SearchSheet.swift; sourceTree = "<group>"; };
		CD0EEB7E2C7BB0B300DB9896 /* EntryView.swift */ = {isa = PBXFileReference; lastKnownFileType = sourcecode.swift; path = EntryView.swift; sourceTree = "<group>"; };
		CD0EEB812C7BB11200DB9896 /* ReplyView.swift */ = {isa = PBXFileReference; lastKnownFileType = sourcecode.swift; path = ReplyView.swift; sourceTree = "<group>"; };
		CD132AA62C6DE76900C16804 /* Loupe.metal */ = {isa = PBXFileReference; lastKnownFileType = sourcecode.metal; path = Loupe.metal; sourceTree = "<group>"; };
		CD132AA82C6DE7B100C16804 /* Loupe.swift */ = {isa = PBXFileReference; lastKnownFileType = sourcecode.swift; path = Loupe.swift; sourceTree = "<group>"; };
		CD27939B2C7B883C00486C1D /* AvatarView.swift */ = {isa = PBXFileReference; lastKnownFileType = sourcecode.swift; path = AvatarView.swift; sourceTree = "<group>"; };
		CD43324E2C82A852009ADBF0 /* RecentlyPlayedView.swift */ = {isa = PBXFileReference; lastKnownFileType = sourcecode.swift; path = RecentlyPlayedView.swift; sourceTree = "<group>"; };
		CD4332502C82B146009ADBF0 /* SearchBar.swift */ = {isa = PBXFileReference; lastKnownFileType = sourcecode.swift; path = SearchBar.swift; sourceTree = "<group>"; };
		CD614C3F2C7488FF0059C80F /* MusicKit.swift */ = {isa = PBXFileReference; lastKnownFileType = sourcecode.swift; path = MusicKit.swift; sourceTree = "<group>"; };
		CD614C412C74BA150059C80F /* MusicKitModel.swift */ = {isa = PBXFileReference; lastKnownFileType = sourcecode.swift; path = MusicKitModel.swift; sourceTree = "<group>"; };
		CD69761E2C51B9EA003E4481 /* Iridescent.metal */ = {isa = PBXFileReference; lastKnownFileType = sourcecode.metal; path = Iridescent.metal; sourceTree = "<group>"; };
		CD8CFDA52C6F02E600D7DEA7 /* HomeScreen.swift */ = {isa = PBXFileReference; lastKnownFileType = sourcecode.swift; path = HomeScreen.swift; sourceTree = "<group>"; };
		CD8CFDA72C6F02F100D7DEA7 /* HomePastView.swift */ = {isa = PBXFileReference; lastKnownFileType = sourcecode.swift; path = HomePastView.swift; sourceTree = "<group>"; };
		CD8CFDA92C6F030100D7DEA7 /* FeedBarView.swift */ = {isa = PBXFileReference; lastKnownFileType = sourcecode.swift; path = FeedBarView.swift; sourceTree = "<group>"; };
		CD8D197E2C24E3CD00FDC979 /* Auth.swift */ = {isa = PBXFileReference; lastKnownFileType = sourcecode.swift; path = Auth.swift; sourceTree = "<group>"; };
		CD8D19822C27973800FDC979 /* NotificationModel.swift */ = {isa = PBXFileReference; lastKnownFileType = sourcecode.swift; path = NotificationModel.swift; sourceTree = "<group>"; };
		CD8D19842C29C5FF00FDC979 /* Info.plist */ = {isa = PBXFileReference; lastKnownFileType = text.plist; path = Info.plist; sourceTree = "<group>"; };
		CD9CC8672C1AA82900E65A86 /* SearchAPI.swift */ = {isa = PBXFileReference; lastKnownFileType = sourcecode.swift; path = SearchAPI.swift; sourceTree = "<group>"; };
		CD9F27432C5C3C2A0094C7E5 /* NormalMap.ci.metal */ = {isa = PBXFileReference; lastKnownFileType = sourcecode.metal; path = NormalMap.ci.metal; sourceTree = "<group>"; };
		CDA330AD2C39EFEE00622779 /* TapbackView.swift */ = {isa = PBXFileReference; lastKnownFileType = sourcecode.swift; path = TapbackView.swift; sourceTree = "<group>"; };
		CDAE7D0E2C718CA700254E56 /* VariableBlur.swift */ = {isa = PBXFileReference; lastKnownFileType = sourcecode.swift; path = VariableBlur.swift; sourceTree = "<group>"; };
		CDC37D4B2C606C2A002D2709 /* Iridescent.metal */ = {isa = PBXFileReference; lastKnownFileType = sourcecode.metal; path = Iridescent.metal; sourceTree = "<group>"; };
		CDD48E172C62C20B0001C4E8 /* HomeWallView.swift */ = {isa = PBXFileReference; lastKnownFileType = sourcecode.swift; path = HomeWallView.swift; sourceTree = "<group>"; };
		CDD48E1F2C62C2C20001C4E8 /* HelloStickerView.swift */ = {isa = PBXFileReference; lastKnownFileType = sourcecode.swift; path = HelloStickerView.swift; sourceTree = "<group>"; };
		CDD48E2D2C62FA670001C4E8 /* MKSymbolShape.swift */ = {isa = PBXFileReference; lastKnownFileType = sourcecode.swift; path = MKSymbolShape.swift; sourceTree = "<group>"; };
		CDDED7322C194C8400958B39 /* acusia.app */ = {isa = PBXFileReference; explicitFileType = wrapper.application; includeInIndex = 0; path = acusia.app; sourceTree = BUILT_PRODUCTS_DIR; };
		CDDED7352C194C8400958B39 /* App.swift */ = {isa = PBXFileReference; lastKnownFileType = sourcecode.swift; path = App.swift; sourceTree = "<group>"; };
		CDDED7392C194C8500958B39 /* Assets.xcassets */ = {isa = PBXFileReference; lastKnownFileType = folder.assetcatalog; path = Assets.xcassets; sourceTree = "<group>"; };
		CDDED73C2C194C8500958B39 /* Preview Assets.xcassets */ = {isa = PBXFileReference; lastKnownFileType = folder.assetcatalog; path = "Preview Assets.xcassets"; sourceTree = "<group>"; };
		CDDED73E2C194C8500958B39 /* Persistence.swift */ = {isa = PBXFileReference; lastKnownFileType = sourcecode.swift; path = Persistence.swift; sourceTree = "<group>"; };
		CDDED7412C194C8500958B39 /* acusia.xcdatamodel */ = {isa = PBXFileReference; lastKnownFileType = wrapper.xcdatamodel; path = acusia.xcdatamodel; sourceTree = "<group>"; };
		CDDED7472C194C8600958B39 /* acusiaTests.xctest */ = {isa = PBXFileReference; explicitFileType = wrapper.cfbundle; includeInIndex = 0; path = acusiaTests.xctest; sourceTree = BUILT_PRODUCTS_DIR; };
		CDDED74B2C194C8600958B39 /* acusiaTests.swift */ = {isa = PBXFileReference; lastKnownFileType = sourcecode.swift; path = acusiaTests.swift; sourceTree = "<group>"; };
		CDDED7512C194C8600958B39 /* acusiaUITests.xctest */ = {isa = PBXFileReference; explicitFileType = wrapper.cfbundle; includeInIndex = 0; path = acusiaUITests.xctest; sourceTree = BUILT_PRODUCTS_DIR; };
		CDDED7552C194C8600958B39 /* acusiaUITests.swift */ = {isa = PBXFileReference; lastKnownFileType = sourcecode.swift; path = acusiaUITests.swift; sourceTree = "<group>"; };
		CDDED7572C194C8600958B39 /* acusiaUITestsLaunchTests.swift */ = {isa = PBXFileReference; lastKnownFileType = sourcecode.swift; path = acusiaUITestsLaunchTests.swift; sourceTree = "<group>"; };
		CDDED7792C19520300958B39 /* FeedModel.swift */ = {isa = PBXFileReference; lastKnownFileType = sourcecode.swift; path = FeedModel.swift; sourceTree = "<group>"; };
		CDDED77A2C19520300958B39 /* SearchModel.swift */ = {isa = PBXFileReference; lastKnownFileType = sourcecode.swift; path = SearchModel.swift; sourceTree = "<group>"; };
		CDDED77B2C19520300958B39 /* UserModel.swift */ = {isa = PBXFileReference; lastKnownFileType = sourcecode.swift; path = UserModel.swift; sourceTree = "<group>"; };
		CDDED7812C1953A700958B39 /* FeedAPI.swift */ = {isa = PBXFileReference; lastKnownFileType = sourcecode.swift; path = FeedAPI.swift; sourceTree = "<group>"; };
		CDDED7832C1953F400958B39 /* UserAPI.swift */ = {isa = PBXFileReference; lastKnownFileType = sourcecode.swift; path = UserAPI.swift; sourceTree = "<group>"; };
		CDDED7852C19543D00958B39 /* CoreData.swift */ = {isa = PBXFileReference; lastKnownFileType = sourcecode.swift; path = CoreData.swift; sourceTree = "<group>"; };
		CDDED7882C1955BD00958B39 /* AuthScreen.swift */ = {isa = PBXFileReference; lastKnownFileType = sourcecode.swift; path = AuthScreen.swift; sourceTree = "<group>"; };
		CDDED78E2C195B2400958B39 /* HomeFeedView.swift */ = {isa = PBXFileReference; lastKnownFileType = sourcecode.swift; path = HomeFeedView.swift; sourceTree = "<group>"; };
		CDDED79E2C1991D600958B39 /* acusia.entitlements */ = {isa = PBXFileReference; lastKnownFileType = text.plist.entitlements; path = acusia.entitlements; sourceTree = "<group>"; };
		CDE14A442C8118C400D0F172 /* PathViews.swift */ = {isa = PBXFileReference; lastKnownFileType = sourcecode.swift; path = PathViews.swift; sourceTree = "<group>"; };
		CDE43C0C2C854DF10009CB87 /* VGrid.swift */ = {isa = PBXFileReference; lastKnownFileType = sourcecode.swift; path = VGrid.swift; sourceTree = "<group>"; };
		CDE879002C778E9F00052193 /* IridescentPreview.swift */ = {isa = PBXFileReference; lastKnownFileType = sourcecode.swift; path = IridescentPreview.swift; sourceTree = "<group>"; };
		CDEB4E912C44AB5600DFF026 /* EntryAPI.swift */ = {isa = PBXFileReference; lastKnownFileType = sourcecode.swift; path = EntryAPI.swift; sourceTree = "<group>"; };
		CDF652B22C6EE1E700C5D42B /* CustomCardDeckPageView.swift */ = {isa = PBXFileReference; lastKnownFileType = sourcecode.swift; path = CustomCardDeckPageView.swift; sourceTree = "<group>"; };
/* End PBXFileReference section */

/* Begin PBXFileSystemSynchronizedBuildFileExceptionSet section */
		CDDED78B2C1959D000958B39 /* PBXFileSystemSynchronizedBuildFileExceptionSet */ = {
			isa = PBXFileSystemSynchronizedBuildFileExceptionSet;
			membershipExceptions = (
				KeychainHelper.swift,
				UIColor.swift,
				UIImage.swift,
				UIImageView.swift,
				VisionColor.swift,
			);
			target = CDDED7312C194C8400958B39 /* acusia */;
		};
/* End PBXFileSystemSynchronizedBuildFileExceptionSet section */

/* Begin PBXFileSystemSynchronizedRootGroup section */
		CDDED78A2C1959C600958B39 /* UIKit */ = {isa = PBXFileSystemSynchronizedRootGroup; exceptions = (CDDED78B2C1959D000958B39 /* PBXFileSystemSynchronizedBuildFileExceptionSet */, ); explicitFileTypes = {}; explicitFolders = (); path = UIKit; sourceTree = "<group>"; };
/* End PBXFileSystemSynchronizedRootGroup section */

/* Begin PBXFrameworksBuildPhase section */
		CDDED72F2C194C8400958B39 /* Frameworks */ = {
			isa = PBXFrameworksBuildPhase;
			buildActionMask = 2147483647;
			files = (
				CDD48E1B2C62C26B0001C4E8 /* Wave in Frameworks */,
				CD132AA32C6DDB7200C16804 /* BigUIPaging in Frameworks */,
			);
			runOnlyForDeploymentPostprocessing = 0;
		};
		CDDED7442C194C8600958B39 /* Frameworks */ = {
			isa = PBXFrameworksBuildPhase;
			buildActionMask = 2147483647;
			files = (
			);
			runOnlyForDeploymentPostprocessing = 0;
		};
		CDDED74E2C194C8600958B39 /* Frameworks */ = {
			isa = PBXFrameworksBuildPhase;
			buildActionMask = 2147483647;
			files = (
			);
			runOnlyForDeploymentPostprocessing = 0;
		};
/* End PBXFrameworksBuildPhase section */

/* Begin PBXGroup section */
		CD0E47D92C473BC600BBBB5F /* MusicKit */ = {
			isa = PBXGroup;
			children = (
				CD614C3F2C7488FF0059C80F /* MusicKit.swift */,
			);
			path = MusicKit;
			sourceTree = "<group>";
		};
		CD132AA42C6DE75800C16804 /* Loupe */ = {
			isa = PBXGroup;
			children = (
				CD132AA82C6DE7B100C16804 /* Loupe.swift */,
				CD132AA62C6DE76900C16804 /* Loupe.metal */,
			);
			path = Loupe;
			sourceTree = "<group>";
		};
		CD13D5252C3FAD84007E3120 /* Metal */ = {
			isa = PBXGroup;
			children = (
				CDC37D442C6067FA002D2709 /* Iridescent */,
				CDC37D492C606C16002D2709 /* IridescentHolo */,
				CD132AA42C6DE75800C16804 /* Loupe */,
			);
			path = Metal;
			sourceTree = "<group>";
		};
		CD2E1ABD2C7A011100922C1B /* Home */ = {
			isa = PBXGroup;
			children = (
				CD8CFDA52C6F02E600D7DEA7 /* HomeScreen.swift */,
				CD8CFDA72C6F02F100D7DEA7 /* HomePastView.swift */,
				CDD48E172C62C20B0001C4E8 /* HomeWallView.swift */,
				CDDED78E2C195B2400958B39 /* HomeFeedView.swift */,
			);
			path = Home;
			sourceTree = "<group>";
		};
		CD4332522C82B205009ADBF0 /* Entry */ = {
			isa = PBXGroup;
			children = (
				CD0EEB7E2C7BB0B300DB9896 /* EntryView.swift */,
				CD0EEB812C7BB11200DB9896 /* ReplyView.swift */,
			);
			path = Entry;
			sourceTree = "<group>";
		};
		CD4332532C82B216009ADBF0 /* Home */ = {
			isa = PBXGroup;
			children = (
				CD43324E2C82A852009ADBF0 /* RecentlyPlayedView.swift */,
				CD8CFDA92C6F030100D7DEA7 /* FeedBarView.swift */,
			);
			path = Home;
			sourceTree = "<group>";
		};
		CD8CFDA42C6F02AC00D7DEA7 /* App */ = {
			isa = PBXGroup;
			children = (
				CDDED7352C194C8400958B39 /* App.swift */,
				CD8D197E2C24E3CD00FDC979 /* Auth.swift */,
				CDDED7852C19543D00958B39 /* CoreData.swift */,
				CDDED73E2C194C8500958B39 /* Persistence.swift */,
			);
			path = App;
			sourceTree = "<group>";
		};
		CDC37D442C6067FA002D2709 /* Iridescent */ = {
			isa = PBXGroup;
			children = (
				CDE879002C778E9F00052193 /* IridescentPreview.swift */,
				CD69761E2C51B9EA003E4481 /* Iridescent.metal */,
			);
			path = Iridescent;
			sourceTree = "<group>";
		};
		CDC37D492C606C16002D2709 /* IridescentHolo */ = {
			isa = PBXGroup;
			children = (
				CDC37D4B2C606C2A002D2709 /* Iridescent.metal */,
			);
			path = IridescentHolo;
			sourceTree = "<group>";
		};
		CDDED7292C194C8400958B39 = {
			isa = PBXGroup;
			children = (
				CDDED7342C194C8400958B39 /* acusia */,
				CDDED74A2C194C8600958B39 /* acusiaTests */,
				CDDED7542C194C8600958B39 /* acusiaUITests */,
				CDDED7332C194C8400958B39 /* Products */,
			);
			sourceTree = "<group>";
		};
		CDDED7332C194C8400958B39 /* Products */ = {
			isa = PBXGroup;
			children = (
				CDDED7322C194C8400958B39 /* acusia.app */,
				CDDED7472C194C8600958B39 /* acusiaTests.xctest */,
				CDDED7512C194C8600958B39 /* acusiaUITests.xctest */,
			);
			name = Products;
			sourceTree = "<group>";
		};
		CDDED7342C194C8400958B39 /* acusia */ = {
			isa = PBXGroup;
			children = (
				CD8CFDA42C6F02AC00D7DEA7 /* App */,
				CDDED79E2C1991D600958B39 /* acusia.entitlements */,
				CD8D19842C29C5FF00FDC979 /* Info.plist */,
				CDDED7392C194C8500958B39 /* Assets.xcassets */,
				CDDED7402C194C8500958B39 /* acusia.xcdatamodeld */,
				CDDED7712C1951BE00958B39 /* Components */,
				CD13D5252C3FAD84007E3120 /* Metal */,
				CDDED77C2C19520300958B39 /* Models */,
				CD0E47D92C473BC600BBBB5F /* MusicKit */,
				CDDED7802C1953A000958B39 /* Networking */,
				CDDED73B2C194C8500958B39 /* Preview Content */,
				CDDED7872C1955A500958B39 /* Screens */,
				CDDED76A2C19516B00958B39 /* Utils */,
			);
			path = acusia;
			sourceTree = "<group>";
		};
		CDDED73B2C194C8500958B39 /* Preview Content */ = {
			isa = PBXGroup;
			children = (
				CDDED73C2C194C8500958B39 /* Preview Assets.xcassets */,
			);
			path = "Preview Content";
			sourceTree = "<group>";
		};
		CDDED74A2C194C8600958B39 /* acusiaTests */ = {
			isa = PBXGroup;
			children = (
				CDDED74B2C194C8600958B39 /* acusiaTests.swift */,
			);
			path = acusiaTests;
			sourceTree = "<group>";
		};
		CDDED7542C194C8600958B39 /* acusiaUITests */ = {
			isa = PBXGroup;
			children = (
				CDDED7552C194C8600958B39 /* acusiaUITests.swift */,
				CDDED7572C194C8600958B39 /* acusiaUITestsLaunchTests.swift */,
			);
			path = acusiaUITests;
			sourceTree = "<group>";
		};
		CDDED76A2C19516B00958B39 /* Utils */ = {
			isa = PBXGroup;
			children = (
				CDE43C0C2C854DF10009CB87 /* VGrid.swift */,
				CDD48E2D2C62FA670001C4E8 /* MKSymbolShape.swift */,
				CDF652B22C6EE1E700C5D42B /* CustomCardDeckPageView.swift */,
				CD9F27432C5C3C2A0094C7E5 /* NormalMap.ci.metal */,
				CDDED78A2C1959C600958B39 /* UIKit */,
			);
			path = Utils;
			sourceTree = "<group>";
		};
		CDDED7712C1951BE00958B39 /* Components */ = {
			isa = PBXGroup;
			children = (
				CD4332522C82B205009ADBF0 /* Entry */,
				CD4332532C82B216009ADBF0 /* Home */,
				CD27939B2C7B883C00486C1D /* AvatarView.swift */,
				CDD48E1F2C62C2C20001C4E8 /* HelloStickerView.swift */,
				CDE14A442C8118C400D0F172 /* PathViews.swift */,
				CD4332502C82B146009ADBF0 /* SearchBar.swift */,
				CDA330AD2C39EFEE00622779 /* TapbackView.swift */,
				CDAE7D0E2C718CA700254E56 /* VariableBlur.swift */,
			);
			path = Components;
			sourceTree = "<group>";
		};
		CDDED77C2C19520300958B39 /* Models */ = {
			isa = PBXGroup;
			children = (
				CDDED7792C19520300958B39 /* FeedModel.swift */,
				CD614C412C74BA150059C80F /* MusicKitModel.swift */,
				CD8D19822C27973800FDC979 /* NotificationModel.swift */,
				CDDED77A2C19520300958B39 /* SearchModel.swift */,
				CDDED77B2C19520300958B39 /* UserModel.swift */,
			);
			path = Models;
			sourceTree = "<group>";
		};
		CDDED7802C1953A000958B39 /* Networking */ = {
			isa = PBXGroup;
			children = (
				CDEB4E912C44AB5600DFF026 /* EntryAPI.swift */,
				CDDED7812C1953A700958B39 /* FeedAPI.swift */,
				CD9CC8672C1AA82900E65A86 /* SearchAPI.swift */,
				CDDED7832C1953F400958B39 /* UserAPI.swift */,
			);
			path = Networking;
			sourceTree = "<group>";
		};
		CDDED7872C1955A500958B39 /* Screens */ = {
			isa = PBXGroup;
			children = (
				CD2E1ABD2C7A011100922C1B /* Home */,
				CDDED7882C1955BD00958B39 /* AuthScreen.swift */,
				CD06C26F2C69B10100FC010C /* SearchSheet.swift */,
			);
			path = Screens;
			sourceTree = "<group>";
		};
/* End PBXGroup section */

/* Begin PBXNativeTarget section */
		CDDED7312C194C8400958B39 /* acusia */ = {
			isa = PBXNativeTarget;
			buildConfigurationList = CDDED75B2C194C8600958B39 /* Build configuration list for PBXNativeTarget "acusia" */;
			buildPhases = (
				CDDED72E2C194C8400958B39 /* Sources */,
				CDDED72F2C194C8400958B39 /* Frameworks */,
				CDDED7302C194C8400958B39 /* Resources */,
			);
			buildRules = (
				CD9F27422C5C3B770094C7E5 /* PBXBuildRule */,
				CD9F27412C5C3B100094C7E5 /* PBXBuildRule */,
			);
			dependencies = (
			);
			name = acusia;
			packageProductDependencies = (
				CDD48E1A2C62C26B0001C4E8 /* Wave */,
				CD132AA22C6DDB7200C16804 /* BigUIPaging */,
			);
			productName = acusia;
			productReference = CDDED7322C194C8400958B39 /* acusia.app */;
			productType = "com.apple.product-type.application";
		};
		CDDED7462C194C8600958B39 /* acusiaTests */ = {
			isa = PBXNativeTarget;
			buildConfigurationList = CDDED75E2C194C8600958B39 /* Build configuration list for PBXNativeTarget "acusiaTests" */;
			buildPhases = (
				CDDED7432C194C8600958B39 /* Sources */,
				CDDED7442C194C8600958B39 /* Frameworks */,
				CDDED7452C194C8600958B39 /* Resources */,
			);
			buildRules = (
			);
			dependencies = (
				CDDED7492C194C8600958B39 /* PBXTargetDependency */,
			);
			name = acusiaTests;
			productName = acusiaTests;
			productReference = CDDED7472C194C8600958B39 /* acusiaTests.xctest */;
			productType = "com.apple.product-type.bundle.unit-test";
		};
		CDDED7502C194C8600958B39 /* acusiaUITests */ = {
			isa = PBXNativeTarget;
			buildConfigurationList = CDDED7612C194C8600958B39 /* Build configuration list for PBXNativeTarget "acusiaUITests" */;
			buildPhases = (
				CDDED74D2C194C8600958B39 /* Sources */,
				CDDED74E2C194C8600958B39 /* Frameworks */,
				CDDED74F2C194C8600958B39 /* Resources */,
			);
			buildRules = (
			);
			dependencies = (
				CDDED7532C194C8600958B39 /* PBXTargetDependency */,
			);
			name = acusiaUITests;
			productName = acusiaUITests;
			productReference = CDDED7512C194C8600958B39 /* acusiaUITests.xctest */;
			productType = "com.apple.product-type.bundle.ui-testing";
		};
/* End PBXNativeTarget section */

/* Begin PBXProject section */
		CDDED72A2C194C8400958B39 /* Project object */ = {
			isa = PBXProject;
			attributes = {
				BuildIndependentTargetsInParallel = 1;
				LastSwiftUpdateCheck = 1600;
				LastUpgradeCheck = 1600;
				TargetAttributes = {
					CDDED7312C194C8400958B39 = {
						CreatedOnToolsVersion = 16.0;
					};
					CDDED7462C194C8600958B39 = {
						CreatedOnToolsVersion = 16.0;
						TestTargetID = CDDED7312C194C8400958B39;
					};
					CDDED7502C194C8600958B39 = {
						CreatedOnToolsVersion = 16.0;
						TestTargetID = CDDED7312C194C8400958B39;
					};
				};
			};
			buildConfigurationList = CDDED72D2C194C8400958B39 /* Build configuration list for PBXProject "acusia" */;
			compatibilityVersion = "Xcode 15.0";
			developmentRegion = en;
			hasScannedForEncodings = 0;
			knownRegions = (
				en,
				Base,
			);
			mainGroup = CDDED7292C194C8400958B39;
			packageReferences = (
				CDD48E192C62C26B0001C4E8 /* XCRemoteSwiftPackageReference "Wave" */,
				CD3B7A292C6DC22200DDE3EF /* XCRemoteSwiftPackageReference "BigUIPaging" */,
			);
			productRefGroup = CDDED7332C194C8400958B39 /* Products */;
			projectDirPath = "";
			projectRoot = "";
			targets = (
				CDDED7312C194C8400958B39 /* acusia */,
				CDDED7462C194C8600958B39 /* acusiaTests */,
				CDDED7502C194C8600958B39 /* acusiaUITests */,
			);
		};
/* End PBXProject section */

/* Begin PBXResourcesBuildPhase section */
		CDDED7302C194C8400958B39 /* Resources */ = {
			isa = PBXResourcesBuildPhase;
			buildActionMask = 2147483647;
			files = (
				CDDED73D2C194C8500958B39 /* Preview Assets.xcassets in Resources */,
				CDDED73A2C194C8500958B39 /* Assets.xcassets in Resources */,
			);
			runOnlyForDeploymentPostprocessing = 0;
		};
		CDDED7452C194C8600958B39 /* Resources */ = {
			isa = PBXResourcesBuildPhase;
			buildActionMask = 2147483647;
			files = (
			);
			runOnlyForDeploymentPostprocessing = 0;
		};
		CDDED74F2C194C8600958B39 /* Resources */ = {
			isa = PBXResourcesBuildPhase;
			buildActionMask = 2147483647;
			files = (
			);
			runOnlyForDeploymentPostprocessing = 0;
		};
/* End PBXResourcesBuildPhase section */

/* Begin PBXSourcesBuildPhase section */
		CDDED72E2C194C8400958B39 /* Sources */ = {
			isa = PBXSourcesBuildPhase;
			buildActionMask = 2147483647;
			files = (
				CD132AA92C6DE7B400C16804 /* Loupe.swift in Sources */,
				CDDED7822C1953AC00958B39 /* FeedAPI.swift in Sources */,
				CDD48E272C62C2C20001C4E8 /* HelloStickerView.swift in Sources */,
				CD0EEB7F2C7BB0B500DB9896 /* EntryView.swift in Sources */,
				CD8CFDAA2C6F030100D7DEA7 /* FeedBarView.swift in Sources */,
				CDDED7862C19543D00958B39 /* CoreData.swift in Sources */,
				CDF652B32C6EE1EC00C5D42B /* CustomCardDeckPageView.swift in Sources */,
				CDD48E2E2C62FA6B0001C4E8 /* MKSymbolShape.swift in Sources */,
				CDDED77D2C19520300958B39 /* FeedModel.swift in Sources */,
				CDDED77E2C19520300958B39 /* SearchModel.swift in Sources */,
				CD0EEB822C7BB11600DB9896 /* ReplyView.swift in Sources */,
				CD9F27442C5C3C2A0094C7E5 /* NormalMap.ci.metal in Sources */,
				CD69761F2C51B9F0003E4481 /* Iridescent.metal in Sources */,
				CD614C422C74BA1D0059C80F /* MusicKitModel.swift in Sources */,
				CDE43C0D2C854DF60009CB87 /* VGrid.swift in Sources */,
				CD8CFDA82C6F02F100D7DEA7 /* HomePastView.swift in Sources */,
				CDD48E182C62C20F0001C4E8 /* HomeWallView.swift in Sources */,
				CDDED78F2C195B2700958B39 /* HomeFeedView.swift in Sources */,
				CDEB4E922C44AB5800DFF026 /* EntryAPI.swift in Sources */,
				CD06C2702C69B10600FC010C /* SearchSheet.swift in Sources */,
				CDDED77F2C19520300958B39 /* UserModel.swift in Sources */,
				CDAE7D0F2C718CA900254E56 /* VariableBlur.swift in Sources */,
				CD8D197F2C24E3D300FDC979 /* Auth.swift in Sources */,
				CDDED73F2C194C8500958B39 /* Persistence.swift in Sources */,
				CDE14A452C8118C600D0F172 /* PathViews.swift in Sources */,
				CDDED7422C194C8500958B39 /* acusia.xcdatamodeld in Sources */,
				CD8CFDA62C6F02E600D7DEA7 /* HomeScreen.swift in Sources */,
				CDA330AE2C39EFF200622779 /* TapbackView.swift in Sources */,
				CD9CC8682C1AA82900E65A86 /* SearchAPI.swift in Sources */,
				CD132AA72C6DE76900C16804 /* Loupe.metal in Sources */,
				CDDED7892C1955C100958B39 /* AuthScreen.swift in Sources */,
				CDC37D4C2C606C2A002D2709 /* Iridescent.metal in Sources */,
				CD614C402C7489050059C80F /* MusicKit.swift in Sources */,
				CD4332512C82B148009ADBF0 /* SearchBar.swift in Sources */,
				CDDED7362C194C8400958B39 /* App.swift in Sources */,
				CD27939C2C7B883D00486C1D /* AvatarView.swift in Sources */,
				CDE879012C778EA700052193 /* IridescentPreview.swift in Sources */,
				CD43324F2C82A856009ADBF0 /* RecentlyPlayedView.swift in Sources */,
				CD8D19832C27973D00FDC979 /* NotificationModel.swift in Sources */,
				CDDED7842C1953F800958B39 /* UserAPI.swift in Sources */,
			);
			runOnlyForDeploymentPostprocessing = 0;
		};
		CDDED7432C194C8600958B39 /* Sources */ = {
			isa = PBXSourcesBuildPhase;
			buildActionMask = 2147483647;
			files = (
				CDDED74C2C194C8600958B39 /* acusiaTests.swift in Sources */,
			);
			runOnlyForDeploymentPostprocessing = 0;
		};
		CDDED74D2C194C8600958B39 /* Sources */ = {
			isa = PBXSourcesBuildPhase;
			buildActionMask = 2147483647;
			files = (
				CDDED7582C194C8600958B39 /* acusiaUITestsLaunchTests.swift in Sources */,
				CDDED7562C194C8600958B39 /* acusiaUITests.swift in Sources */,
			);
			runOnlyForDeploymentPostprocessing = 0;
		};
/* End PBXSourcesBuildPhase section */

/* Begin PBXTargetDependency section */
		CDDED7492C194C8600958B39 /* PBXTargetDependency */ = {
			isa = PBXTargetDependency;
			target = CDDED7312C194C8400958B39 /* acusia */;
			targetProxy = CDDED7482C194C8600958B39 /* PBXContainerItemProxy */;
		};
		CDDED7532C194C8600958B39 /* PBXTargetDependency */ = {
			isa = PBXTargetDependency;
			target = CDDED7312C194C8400958B39 /* acusia */;
			targetProxy = CDDED7522C194C8600958B39 /* PBXContainerItemProxy */;
		};
/* End PBXTargetDependency section */

/* Begin XCBuildConfiguration section */
		CDDED7592C194C8600958B39 /* Debug */ = {
			isa = XCBuildConfiguration;
			buildSettings = {
				ALWAYS_SEARCH_USER_PATHS = NO;
				ASSETCATALOG_COMPILER_GENERATE_SWIFT_ASSET_SYMBOL_EXTENSIONS = YES;
				CLANG_ANALYZER_NONNULL = YES;
				CLANG_ANALYZER_NUMBER_OBJECT_CONVERSION = YES_AGGRESSIVE;
				CLANG_CXX_LANGUAGE_STANDARD = "gnu++20";
				CLANG_ENABLE_MODULES = YES;
				CLANG_ENABLE_OBJC_ARC = YES;
				CLANG_ENABLE_OBJC_WEAK = YES;
				CLANG_WARN_BLOCK_CAPTURE_AUTORELEASING = YES;
				CLANG_WARN_BOOL_CONVERSION = YES;
				CLANG_WARN_COMMA = YES;
				CLANG_WARN_CONSTANT_CONVERSION = YES;
				CLANG_WARN_DEPRECATED_OBJC_IMPLEMENTATIONS = YES;
				CLANG_WARN_DIRECT_OBJC_ISA_USAGE = YES_ERROR;
				CLANG_WARN_DOCUMENTATION_COMMENTS = YES;
				CLANG_WARN_EMPTY_BODY = YES;
				CLANG_WARN_ENUM_CONVERSION = YES;
				CLANG_WARN_INFINITE_RECURSION = YES;
				CLANG_WARN_INT_CONVERSION = YES;
				CLANG_WARN_NON_LITERAL_NULL_CONVERSION = YES;
				CLANG_WARN_OBJC_IMPLICIT_RETAIN_SELF = YES;
				CLANG_WARN_OBJC_LITERAL_CONVERSION = YES;
				CLANG_WARN_OBJC_ROOT_CLASS = YES_ERROR;
				CLANG_WARN_QUOTED_INCLUDE_IN_FRAMEWORK_HEADER = YES;
				CLANG_WARN_RANGE_LOOP_ANALYSIS = YES;
				CLANG_WARN_STRICT_PROTOTYPES = YES;
				CLANG_WARN_SUSPICIOUS_MOVE = YES;
				CLANG_WARN_UNGUARDED_AVAILABILITY = YES_AGGRESSIVE;
				CLANG_WARN_UNREACHABLE_CODE = YES;
				CLANG_WARN__DUPLICATE_METHOD_MATCH = YES;
				COPY_PHASE_STRIP = NO;
				DEBUG_INFORMATION_FORMAT = dwarf;
				ENABLE_STRICT_OBJC_MSGSEND = YES;
				ENABLE_TESTABILITY = YES;
				ENABLE_USER_SCRIPT_SANDBOXING = YES;
				GCC_C_LANGUAGE_STANDARD = gnu17;
				GCC_DYNAMIC_NO_PIC = NO;
				GCC_NO_COMMON_BLOCKS = YES;
				GCC_OPTIMIZATION_LEVEL = 0;
				GCC_PREPROCESSOR_DEFINITIONS = (
					"DEBUG=1",
					"$(inherited)",
				);
				GCC_WARN_64_TO_32_BIT_CONVERSION = YES;
				GCC_WARN_ABOUT_RETURN_TYPE = YES_ERROR;
				GCC_WARN_UNDECLARED_SELECTOR = YES;
				GCC_WARN_UNINITIALIZED_AUTOS = YES_AGGRESSIVE;
				GCC_WARN_UNUSED_FUNCTION = YES;
				GCC_WARN_UNUSED_VARIABLE = YES;
				IPHONEOS_DEPLOYMENT_TARGET = 18.0;
				LOCALIZATION_PREFERS_STRING_CATALOGS = YES;
				MTL_ENABLE_DEBUG_INFO = INCLUDE_SOURCE;
				MTL_FAST_MATH = YES;
				ONLY_ACTIVE_ARCH = YES;
				SDKROOT = iphoneos;
				SWIFT_ACTIVE_COMPILATION_CONDITIONS = "DEBUG $(inherited)";
				SWIFT_OPTIMIZATION_LEVEL = "-Onone";
			};
			name = Debug;
		};
		CDDED75A2C194C8600958B39 /* Release */ = {
			isa = XCBuildConfiguration;
			buildSettings = {
				ALWAYS_SEARCH_USER_PATHS = NO;
				ASSETCATALOG_COMPILER_GENERATE_SWIFT_ASSET_SYMBOL_EXTENSIONS = YES;
				CLANG_ANALYZER_NONNULL = YES;
				CLANG_ANALYZER_NUMBER_OBJECT_CONVERSION = YES_AGGRESSIVE;
				CLANG_CXX_LANGUAGE_STANDARD = "gnu++20";
				CLANG_ENABLE_MODULES = YES;
				CLANG_ENABLE_OBJC_ARC = YES;
				CLANG_ENABLE_OBJC_WEAK = YES;
				CLANG_WARN_BLOCK_CAPTURE_AUTORELEASING = YES;
				CLANG_WARN_BOOL_CONVERSION = YES;
				CLANG_WARN_COMMA = YES;
				CLANG_WARN_CONSTANT_CONVERSION = YES;
				CLANG_WARN_DEPRECATED_OBJC_IMPLEMENTATIONS = YES;
				CLANG_WARN_DIRECT_OBJC_ISA_USAGE = YES_ERROR;
				CLANG_WARN_DOCUMENTATION_COMMENTS = YES;
				CLANG_WARN_EMPTY_BODY = YES;
				CLANG_WARN_ENUM_CONVERSION = YES;
				CLANG_WARN_INFINITE_RECURSION = YES;
				CLANG_WARN_INT_CONVERSION = YES;
				CLANG_WARN_NON_LITERAL_NULL_CONVERSION = YES;
				CLANG_WARN_OBJC_IMPLICIT_RETAIN_SELF = YES;
				CLANG_WARN_OBJC_LITERAL_CONVERSION = YES;
				CLANG_WARN_OBJC_ROOT_CLASS = YES_ERROR;
				CLANG_WARN_QUOTED_INCLUDE_IN_FRAMEWORK_HEADER = YES;
				CLANG_WARN_RANGE_LOOP_ANALYSIS = YES;
				CLANG_WARN_STRICT_PROTOTYPES = YES;
				CLANG_WARN_SUSPICIOUS_MOVE = YES;
				CLANG_WARN_UNGUARDED_AVAILABILITY = YES_AGGRESSIVE;
				CLANG_WARN_UNREACHABLE_CODE = YES;
				CLANG_WARN__DUPLICATE_METHOD_MATCH = YES;
				COPY_PHASE_STRIP = NO;
				DEBUG_INFORMATION_FORMAT = "dwarf-with-dsym";
				ENABLE_NS_ASSERTIONS = NO;
				ENABLE_STRICT_OBJC_MSGSEND = YES;
				ENABLE_USER_SCRIPT_SANDBOXING = YES;
				GCC_C_LANGUAGE_STANDARD = gnu17;
				GCC_NO_COMMON_BLOCKS = YES;
				GCC_WARN_64_TO_32_BIT_CONVERSION = YES;
				GCC_WARN_ABOUT_RETURN_TYPE = YES_ERROR;
				GCC_WARN_UNDECLARED_SELECTOR = YES;
				GCC_WARN_UNINITIALIZED_AUTOS = YES_AGGRESSIVE;
				GCC_WARN_UNUSED_FUNCTION = YES;
				GCC_WARN_UNUSED_VARIABLE = YES;
				IPHONEOS_DEPLOYMENT_TARGET = 18.0;
				LOCALIZATION_PREFERS_STRING_CATALOGS = YES;
				MTL_ENABLE_DEBUG_INFO = NO;
				MTL_FAST_MATH = YES;
				SDKROOT = iphoneos;
				SWIFT_COMPILATION_MODE = wholemodule;
				VALIDATE_PRODUCT = YES;
			};
			name = Release;
		};
		CDDED75C2C194C8600958B39 /* Debug */ = {
			isa = XCBuildConfiguration;
			buildSettings = {
				ASSETCATALOG_COMPILER_APPICON_NAME = AppIcon;
				ASSETCATALOG_COMPILER_GLOBAL_ACCENT_COLOR_NAME = AccentColor;
				CODE_SIGN_ENTITLEMENTS = acusia/acusia.entitlements;
				CODE_SIGN_STYLE = Automatic;
				CURRENT_PROJECT_VERSION = 1;
				DEVELOPMENT_ASSET_PATHS = "\"acusia/Preview Content\"";
				DEVELOPMENT_TEAM = R7MA4PSUFQ;
				ENABLE_PREVIEWS = YES;
				GENERATE_INFOPLIST_FILE = YES;
				INFOPLIST_FILE = acusia/Info.plist;
				INFOPLIST_KEY_LSApplicationCategoryType = "public.app-category.social-networking";
				INFOPLIST_KEY_NSAppleMusicUsageDescription = "This app requires access to Apple Music to play songs you select.";
				INFOPLIST_KEY_UIApplicationSceneManifest_Generation = YES;
				INFOPLIST_KEY_UIApplicationSupportsIndirectInputEvents = YES;
				INFOPLIST_KEY_UILaunchScreen_Generation = YES;
				INFOPLIST_KEY_UISupportedInterfaceOrientations_iPad = "UIInterfaceOrientationPortrait UIInterfaceOrientationPortraitUpsideDown UIInterfaceOrientationLandscapeLeft UIInterfaceOrientationLandscapeRight";
				INFOPLIST_KEY_UISupportedInterfaceOrientations_iPhone = "UIInterfaceOrientationPortrait UIInterfaceOrientationLandscapeLeft UIInterfaceOrientationLandscapeRight";
				LD_RUNPATH_SEARCH_PATHS = (
					"$(inherited)",
					"@executable_path/Frameworks",
				);
				MARKETING_VERSION = 1.0;
				PRODUCT_BUNDLE_IDENTIFIER = space.voir.voir;
				PRODUCT_NAME = "$(TARGET_NAME)";
				SWIFT_EMIT_LOC_STRINGS = YES;
				SWIFT_VERSION = 5.0;
				TARGETED_DEVICE_FAMILY = "1,2";
			};
			name = Debug;
		};
		CDDED75D2C194C8600958B39 /* Release */ = {
			isa = XCBuildConfiguration;
			buildSettings = {
				ASSETCATALOG_COMPILER_APPICON_NAME = AppIcon;
				ASSETCATALOG_COMPILER_GLOBAL_ACCENT_COLOR_NAME = AccentColor;
				CODE_SIGN_ENTITLEMENTS = acusia/acusia.entitlements;
				CODE_SIGN_STYLE = Automatic;
				CURRENT_PROJECT_VERSION = 1;
				DEVELOPMENT_ASSET_PATHS = "\"acusia/Preview Content\"";
				DEVELOPMENT_TEAM = R7MA4PSUFQ;
				ENABLE_PREVIEWS = YES;
				GENERATE_INFOPLIST_FILE = YES;
				INFOPLIST_FILE = acusia/Info.plist;
				INFOPLIST_KEY_LSApplicationCategoryType = "public.app-category.social-networking";
				INFOPLIST_KEY_NSAppleMusicUsageDescription = "This app requires access to Apple Music to play songs you select.";
				INFOPLIST_KEY_UIApplicationSceneManifest_Generation = YES;
				INFOPLIST_KEY_UIApplicationSupportsIndirectInputEvents = YES;
				INFOPLIST_KEY_UILaunchScreen_Generation = YES;
				INFOPLIST_KEY_UISupportedInterfaceOrientations_iPad = "UIInterfaceOrientationPortrait UIInterfaceOrientationPortraitUpsideDown UIInterfaceOrientationLandscapeLeft UIInterfaceOrientationLandscapeRight";
				INFOPLIST_KEY_UISupportedInterfaceOrientations_iPhone = "UIInterfaceOrientationPortrait UIInterfaceOrientationLandscapeLeft UIInterfaceOrientationLandscapeRight";
				LD_RUNPATH_SEARCH_PATHS = (
					"$(inherited)",
					"@executable_path/Frameworks",
				);
				MARKETING_VERSION = 1.0;
				PRODUCT_BUNDLE_IDENTIFIER = space.voir.voir;
				PRODUCT_NAME = "$(TARGET_NAME)";
				SWIFT_EMIT_LOC_STRINGS = YES;
				SWIFT_VERSION = 5.0;
				TARGETED_DEVICE_FAMILY = "1,2";
			};
			name = Release;
		};
		CDDED75F2C194C8600958B39 /* Debug */ = {
			isa = XCBuildConfiguration;
			buildSettings = {
				BUNDLE_LOADER = "$(TEST_HOST)";
				CODE_SIGN_STYLE = Automatic;
				CURRENT_PROJECT_VERSION = 1;
				DEVELOPMENT_TEAM = R7MA4PSUFQ;
				GENERATE_INFOPLIST_FILE = YES;
				IPHONEOS_DEPLOYMENT_TARGET = 18.0;
				MARKETING_VERSION = 1.0;
				PRODUCT_BUNDLE_IDENTIFIER = "-.acusiaTests";
				PRODUCT_NAME = "$(TARGET_NAME)";
				SWIFT_EMIT_LOC_STRINGS = NO;
				SWIFT_VERSION = 5.0;
				TARGETED_DEVICE_FAMILY = "1,2";
				TEST_HOST = "$(BUILT_PRODUCTS_DIR)/acusia.app/$(BUNDLE_EXECUTABLE_FOLDER_PATH)/acusia";
			};
			name = Debug;
		};
		CDDED7602C194C8600958B39 /* Release */ = {
			isa = XCBuildConfiguration;
			buildSettings = {
				BUNDLE_LOADER = "$(TEST_HOST)";
				CODE_SIGN_STYLE = Automatic;
				CURRENT_PROJECT_VERSION = 1;
				DEVELOPMENT_TEAM = R7MA4PSUFQ;
				GENERATE_INFOPLIST_FILE = YES;
				IPHONEOS_DEPLOYMENT_TARGET = 18.0;
				MARKETING_VERSION = 1.0;
				PRODUCT_BUNDLE_IDENTIFIER = "-.acusiaTests";
				PRODUCT_NAME = "$(TARGET_NAME)";
				SWIFT_EMIT_LOC_STRINGS = NO;
				SWIFT_VERSION = 5.0;
				TARGETED_DEVICE_FAMILY = "1,2";
				TEST_HOST = "$(BUILT_PRODUCTS_DIR)/acusia.app/$(BUNDLE_EXECUTABLE_FOLDER_PATH)/acusia";
			};
			name = Release;
		};
		CDDED7622C194C8600958B39 /* Debug */ = {
			isa = XCBuildConfiguration;
			buildSettings = {
				CODE_SIGN_STYLE = Automatic;
				CURRENT_PROJECT_VERSION = 1;
				DEVELOPMENT_TEAM = R7MA4PSUFQ;
				GENERATE_INFOPLIST_FILE = YES;
				MARKETING_VERSION = 1.0;
				PRODUCT_BUNDLE_IDENTIFIER = "-.acusiaUITests";
				PRODUCT_NAME = "$(TARGET_NAME)";
				SWIFT_EMIT_LOC_STRINGS = NO;
				SWIFT_VERSION = 5.0;
				TARGETED_DEVICE_FAMILY = "1,2";
				TEST_TARGET_NAME = acusia;
			};
			name = Debug;
		};
		CDDED7632C194C8600958B39 /* Release */ = {
			isa = XCBuildConfiguration;
			buildSettings = {
				CODE_SIGN_STYLE = Automatic;
				CURRENT_PROJECT_VERSION = 1;
				DEVELOPMENT_TEAM = R7MA4PSUFQ;
				GENERATE_INFOPLIST_FILE = YES;
				MARKETING_VERSION = 1.0;
				PRODUCT_BUNDLE_IDENTIFIER = "-.acusiaUITests";
				PRODUCT_NAME = "$(TARGET_NAME)";
				SWIFT_EMIT_LOC_STRINGS = NO;
				SWIFT_VERSION = 5.0;
				TARGETED_DEVICE_FAMILY = "1,2";
				TEST_TARGET_NAME = acusia;
			};
			name = Release;
		};
/* End XCBuildConfiguration section */

/* Begin XCConfigurationList section */
		CDDED72D2C194C8400958B39 /* Build configuration list for PBXProject "acusia" */ = {
			isa = XCConfigurationList;
			buildConfigurations = (
				CDDED7592C194C8600958B39 /* Debug */,
				CDDED75A2C194C8600958B39 /* Release */,
			);
			defaultConfigurationIsVisible = 0;
			defaultConfigurationName = Release;
		};
		CDDED75B2C194C8600958B39 /* Build configuration list for PBXNativeTarget "acusia" */ = {
			isa = XCConfigurationList;
			buildConfigurations = (
				CDDED75C2C194C8600958B39 /* Debug */,
				CDDED75D2C194C8600958B39 /* Release */,
			);
			defaultConfigurationIsVisible = 0;
			defaultConfigurationName = Release;
		};
		CDDED75E2C194C8600958B39 /* Build configuration list for PBXNativeTarget "acusiaTests" */ = {
			isa = XCConfigurationList;
			buildConfigurations = (
				CDDED75F2C194C8600958B39 /* Debug */,
				CDDED7602C194C8600958B39 /* Release */,
			);
			defaultConfigurationIsVisible = 0;
			defaultConfigurationName = Release;
		};
		CDDED7612C194C8600958B39 /* Build configuration list for PBXNativeTarget "acusiaUITests" */ = {
			isa = XCConfigurationList;
			buildConfigurations = (
				CDDED7622C194C8600958B39 /* Debug */,
				CDDED7632C194C8600958B39 /* Release */,
			);
			defaultConfigurationIsVisible = 0;
			defaultConfigurationName = Release;
		};
/* End XCConfigurationList section */

/* Begin XCRemoteSwiftPackageReference section */
		CD3B7A292C6DC22200DDE3EF /* XCRemoteSwiftPackageReference "BigUIPaging" */ = {
			isa = XCRemoteSwiftPackageReference;
			repositoryURL = "https://github.com/notsobigcompany/BigUIPaging.git";
			requirement = {
				kind = upToNextMajorVersion;
				minimumVersion = 0.0.3;
			};
		};
		CDD48E192C62C26B0001C4E8 /* XCRemoteSwiftPackageReference "Wave" */ = {
			isa = XCRemoteSwiftPackageReference;
			repositoryURL = "https://github.com/jtrivedi/Wave";
			requirement = {
				kind = upToNextMajorVersion;
				minimumVersion = 0.3.2;
			};
		};
/* End XCRemoteSwiftPackageReference section */

/* Begin XCSwiftPackageProductDependency section */
		CD132AA22C6DDB7200C16804 /* BigUIPaging */ = {
			isa = XCSwiftPackageProductDependency;
			package = CD3B7A292C6DC22200DDE3EF /* XCRemoteSwiftPackageReference "BigUIPaging" */;
			productName = BigUIPaging;
		};
		CDD48E1A2C62C26B0001C4E8 /* Wave */ = {
			isa = XCSwiftPackageProductDependency;
			package = CDD48E192C62C26B0001C4E8 /* XCRemoteSwiftPackageReference "Wave" */;
			productName = Wave;
		};
/* End XCSwiftPackageProductDependency section */

/* Begin XCVersionGroup section */
		CDDED7402C194C8500958B39 /* acusia.xcdatamodeld */ = {
			isa = XCVersionGroup;
			children = (
				CDDED7412C194C8500958B39 /* acusia.xcdatamodel */,
			);
			currentVersion = CDDED7412C194C8500958B39 /* acusia.xcdatamodel */;
			path = acusia.xcdatamodeld;
			sourceTree = "<group>";
			versionGroupType = wrapper.xcdatamodel;
		};
/* End XCVersionGroup section */
	};
	rootObject = CDDED72A2C194C8400958B39 /* Project object */;
}
