// !$*UTF8*$!
{
	archiveVersion = 1;
	classes = {
	};
	objectVersion = 70;
	objects = {

/* Begin PBXBuildFile section */
		CD06C2702C69B10600FC010C /* IndexSheet.swift in Sources */ = {isa = PBXBuildFile; fileRef = CD06C26F2C69B10100FC010C /* IndexSheet.swift */; };
		CD0D90512CA3C31F004FD674 /* Notification.swift in Sources */ = {isa = PBXBuildFile; fileRef = CD0D90502CA3C31A004FD674 /* Notification.swift */; };
		CD0D90542CA40434004FD674 /* Kingfisher in Frameworks */ = {isa = PBXBuildFile; productRef = CD0D90532CA40434004FD674 /* Kingfisher */; };
		CD132AA32C6DDB7200C16804 /* BigUIPaging in Frameworks */ = {isa = PBXBuildFile; productRef = CD132AA22C6DDB7200C16804 /* BigUIPaging */; };
		CD17C1042CA8FC520014D3FD /* Transmission in Frameworks */ = {isa = PBXBuildFile; productRef = CD17C1032CA8FC520014D3FD /* Transmission */; };
		CD17C10E2CB195420014D3FD /* SafeArea.swift in Sources */ = {isa = PBXBuildFile; fileRef = CD17C10D2CB195400014D3FD /* SafeArea.swift */; };
		CD264CD82CD3A6B600A74D7E /* Grok.metal in Sources */ = {isa = PBXBuildFile; fileRef = CD264CD72CD3A6B600A74D7E /* Grok.metal */; };
		CD264CE02CD69ADD00A74D7E /* AuxiliaryContextMenu.swift in Sources */ = {isa = PBXBuildFile; fileRef = CD264CDF2CD69AD300A74D7E /* AuxiliaryContextMenu.swift */; };
		CD264CE42CD7B1F000A74D7E /* ContextMenuAuxiliaryPreview in Frameworks */ = {isa = PBXBuildFile; productRef = CD264CE32CD7B1F000A74D7E /* ContextMenuAuxiliaryPreview */; };
		CD264CE92CD7B37D00A74D7E /* ContextMenuAuxiliaryPreview in Frameworks */ = {isa = PBXBuildFile; productRef = CD264CE82CD7B37D00A74D7E /* ContextMenuAuxiliaryPreview */; };
		CD264CEC2CD7B3A600A74D7E /* ContextMenuAuxiliaryPreview in Frameworks */ = {isa = PBXBuildFile; productRef = CD264CEB2CD7B3A600A74D7E /* ContextMenuAuxiliaryPreview */; };
		CD264CEF2CD7B45E00A74D7E /* ContextMenuAuxiliaryPreview in Frameworks */ = {isa = PBXBuildFile; productRef = CD264CEE2CD7B45E00A74D7E /* ContextMenuAuxiliaryPreview */; };
		CD264CFE2CD7B5E000A74D7E /* ContextMenuAuxiliaryPreview in Frameworks */ = {isa = PBXBuildFile; productRef = CD264CFD2CD7B5E000A74D7E /* ContextMenuAuxiliaryPreview */; };
		CD27939C2C7B883D00486C1D /* AvatarView.swift in Sources */ = {isa = PBXBuildFile; fileRef = CD27939B2C7B883C00486C1D /* AvatarView.swift */; };
		CD43B2AE2CD7BA450018DB16 /* ContextMenuAuxiliaryPreview in Frameworks */ = {isa = PBXBuildFile; productRef = CD43B2AD2CD7BA450018DB16 /* ContextMenuAuxiliaryPreview */; };
		CD43B2BD2CD7DF1A0018DB16 /* ContextMenuAuxiliaryPreview in Frameworks */ = {isa = PBXBuildFile; productRef = CD43B2BC2CD7DF1A0018DB16 /* ContextMenuAuxiliaryPreview */; };
		CD43B2BF2CDC0D900018DB16 /* Path.swift in Sources */ = {isa = PBXBuildFile; fileRef = CD43B2BE2CDC0D8C0018DB16 /* Path.swift */; };
		CD43B2C12CDD73770018DB16 /* BiomeExpandedView.swift in Sources */ = {isa = PBXBuildFile; fileRef = CD43B2C02CDD73740018DB16 /* BiomeExpandedView.swift */; };
		CD43B2C32CDEFBA40018DB16 /* EntityView.swift in Sources */ = {isa = PBXBuildFile; fileRef = CD43B2C22CDEFBA10018DB16 /* EntityView.swift */; };
		CD43B2C52CDFB4AD0018DB16 /* AuxiliaryView.swift in Sources */ = {isa = PBXBuildFile; fileRef = CD43B2C42CDFB4AA0018DB16 /* AuxiliaryView.swift */; };
		CD43B2C72CE136860018DB16 /* EntityModel.swift in Sources */ = {isa = PBXBuildFile; fileRef = CD43B2C62CE136830018DB16 /* EntityModel.swift */; };
		CD4BAAA02C950A570005F3DB /* Ripple.metal in Sources */ = {isa = PBXBuildFile; fileRef = CD4BAA9F2C950A570005F3DB /* Ripple.metal */; };
		CD4BAAA22C950BB00005F3DB /* RippleEffect.swift in Sources */ = {isa = PBXBuildFile; fileRef = CD4BAAA12C950BAC0005F3DB /* RippleEffect.swift */; };
		CD54A56F2CB72E9B00B257EA /* PixellatePreview.swift in Sources */ = {isa = PBXBuildFile; fileRef = CD54A56E2CB72E9900B257EA /* PixellatePreview.swift */; };
		CD54A5712CB72F1200B257EA /* Pixellate.metal in Sources */ = {isa = PBXBuildFile; fileRef = CD54A5702CB72F0B00B257EA /* Pixellate.metal */; };
		CD614C402C7489050059C80F /* MusicKit.swift in Sources */ = {isa = PBXBuildFile; fileRef = CD614C3F2C7488FF0059C80F /* MusicKit.swift */; };
		CD614C422C74BA1D0059C80F /* MusicKitModel.swift in Sources */ = {isa = PBXBuildFile; fileRef = CD614C412C74BA150059C80F /* MusicKitModel.swift */; };
		CD6438C92C92829000D7436E /* HoloManager.swift in Sources */ = {isa = PBXBuildFile; fileRef = CD6438C82C92828900D7436E /* HoloManager.swift */; };
		CD6438CB2C92C23E00D7436E /* HoloShaderView.swift in Sources */ = {isa = PBXBuildFile; fileRef = CD6438CA2C92C22F00D7436E /* HoloShaderView.swift */; };
		CD69761F2C51B9F0003E4481 /* Iridescent.metal in Sources */ = {isa = PBXBuildFile; fileRef = CD69761E2C51B9EA003E4481 /* Iridescent.metal */; };
		CD720E4E2CB8714100CEEE00 /* BlipView.swift in Sources */ = {isa = PBXBuildFile; fileRef = CD720E4D2CB8713A00CEEE00 /* BlipView.swift */; };
		CD81D09F2D0081A90028F2DB /* UserModel.swift in Sources */ = {isa = PBXBuildFile; fileRef = CD81D09E2D0081A50028F2DB /* UserModel.swift */; };
		CD81D0A12D0083510028F2DB /* Keychain.swift in Sources */ = {isa = PBXBuildFile; fileRef = CD81D0A02D00834F0028F2DB /* Keychain.swift */; };
		CD8A64392D00903B00BE98DE /* FileCache.swift in Sources */ = {isa = PBXBuildFile; fileRef = CD8A64382D00903800BE98DE /* FileCache.swift */; };
		CD8A643B2D0092B300BE98DE /* JWT.swift in Sources */ = {isa = PBXBuildFile; fileRef = CD8A643A2D0092B100BE98DE /* JWT.swift */; };
		CD8CFDA62C6F02E600D7DEA7 /* HomeScreen.swift in Sources */ = {isa = PBXBuildFile; fileRef = CD8CFDA52C6F02E600D7DEA7 /* HomeScreen.swift */; };
		CD8E0BDB2C8D6C8C003A6F91 /* TintedBlurView.swift in Sources */ = {isa = PBXBuildFile; fileRef = CD8E0BDA2C8D6C83003A6F91 /* TintedBlurView.swift */; };
		CD92450A2CA6713800635716 /* SymmetryView.swift in Sources */ = {isa = PBXBuildFile; fileRef = CD9245092CA6713100635716 /* SymmetryView.swift */; };
		CD9F27442C5C3C2A0094C7E5 /* NormalMap.ci.metal in Sources */ = {isa = PBXBuildFile; fileRef = CD9F27432C5C3C2A0094C7E5 /* NormalMap.ci.metal */; };
		CDA73C392CD7B71A006F8B4A /* DGSwiftUtilities in Frameworks */ = {isa = PBXBuildFile; productRef = CDA73C382CD7B71A006F8B4A /* DGSwiftUtilities */; };
		CDA73C3D2CD7B7FE006F8B4A /* DGSwiftUtilities in Frameworks */ = {isa = PBXBuildFile; productRef = CDA73C3C2CD7B7FE006F8B4A /* DGSwiftUtilities */; };
		CDABF18F2CD1838F00FBE750 /* TextBubbleView.swift in Sources */ = {isa = PBXBuildFile; fileRef = CDABF18E2CD1838200FBE750 /* TextBubbleView.swift */; };
		CDAE7D0F2C718CA900254E56 /* LinearBlur.swift in Sources */ = {isa = PBXBuildFile; fileRef = CDAE7D0E2C718CA700254E56 /* LinearBlur.swift */; };
		CDBDA23F2D009834005333B0 /* Auth.swift in Sources */ = {isa = PBXBuildFile; fileRef = CDBDA23E2D009832005333B0 /* Auth.swift */; };
		CDBDA2432D00CE0B005333B0 /* UIState.swift in Sources */ = {isa = PBXBuildFile; fileRef = CDBDA2422D00CE08005333B0 /* UIState.swift */; };
		CDBDA2452D00CF99005333B0 /* UDTModel.swift in Sources */ = {isa = PBXBuildFile; fileRef = CDBDA2442D00CF94005333B0 /* UDTModel.swift */; };
		CDBDA2482D00E1C9005333B0 /* ContextualMessageView.swift in Sources */ = {isa = PBXBuildFile; fileRef = CDBDA2472D00E1C3005333B0 /* ContextualMessageView.swift */; };
		CDBDA24A2D00E32E005333B0 /* MessageView.swift in Sources */ = {isa = PBXBuildFile; fileRef = CDBDA2492D00E32C005333B0 /* MessageView.swift */; };
		CDBDA24C2D00F28F005333B0 /* CreateSheet.swift in Sources */ = {isa = PBXBuildFile; fileRef = CDBDA24B2D00F28A005333B0 /* CreateSheet.swift */; };
		CDBDA24E2D03B156005333B0 /* UserSheet.swift in Sources */ = {isa = PBXBuildFile; fileRef = CDBDA24D2D03B154005333B0 /* UserSheet.swift */; };
		CDBDA2502D03CECC005333B0 /* BiomePreviewView.swift in Sources */ = {isa = PBXBuildFile; fileRef = CDBDA24F2D03CEC6005333B0 /* BiomePreviewView.swift */; };
		CDC37D4C2C606C2A002D2709 /* Holo.metal in Sources */ = {isa = PBXBuildFile; fileRef = CDC37D4B2C606C2A002D2709 /* Holo.metal */; };
		CDD48E2E2C62FA6B0001C4E8 /* MKSymbolShape.swift in Sources */ = {isa = PBXBuildFile; fileRef = CDD48E2D2C62FA670001C4E8 /* MKSymbolShape.swift */; };
		CDD77DA72C8FD94200D5BCC1 /* HoloPreview.swift in Sources */ = {isa = PBXBuildFile; fileRef = CDD77DA62C8FD93E00D5BCC1 /* HoloPreview.swift */; };
		CDDED7362C194C8400958B39 /* App.swift in Sources */ = {isa = PBXBuildFile; fileRef = CDDED7352C194C8400958B39 /* App.swift */; };
		CDDED73A2C194C8500958B39 /* Assets.xcassets in Resources */ = {isa = PBXBuildFile; fileRef = CDDED7392C194C8500958B39 /* Assets.xcassets */; };
		CDDED73D2C194C8500958B39 /* Preview Assets.xcassets in Resources */ = {isa = PBXBuildFile; fileRef = CDDED73C2C194C8500958B39 /* Preview Assets.xcassets */; };
		CDDED73F2C194C8500958B39 /* Persistence.swift in Sources */ = {isa = PBXBuildFile; fileRef = CDDED73E2C194C8500958B39 /* Persistence.swift */; };
		CDDED7422C194C8500958B39 /* acusia.xcdatamodeld in Sources */ = {isa = PBXBuildFile; fileRef = CDDED7402C194C8500958B39 /* acusia.xcdatamodeld */; };
		CDDED74C2C194C8600958B39 /* acusiaTests.swift in Sources */ = {isa = PBXBuildFile; fileRef = CDDED74B2C194C8600958B39 /* acusiaTests.swift */; };
		CDDED7562C194C8600958B39 /* acusiaUITests.swift in Sources */ = {isa = PBXBuildFile; fileRef = CDDED7552C194C8600958B39 /* acusiaUITests.swift */; };
		CDDED7582C194C8600958B39 /* acusiaUITestsLaunchTests.swift in Sources */ = {isa = PBXBuildFile; fileRef = CDDED7572C194C8600958B39 /* acusiaUITestsLaunchTests.swift */; };
		CDDED7862C19543D00958B39 /* CoreData.swift in Sources */ = {isa = PBXBuildFile; fileRef = CDDED7852C19543D00958B39 /* CoreData.swift */; };
		CDDED7892C1955C100958B39 /* AuthScreen.swift in Sources */ = {isa = PBXBuildFile; fileRef = CDDED7882C1955BD00958B39 /* AuthScreen.swift */; };
		CDE14A452C8118C600D0F172 /* PathViews.swift in Sources */ = {isa = PBXBuildFile; fileRef = CDE14A442C8118C400D0F172 /* PathViews.swift */; };
		CDE43C112C8671280009CB87 /* ReactionView.swift in Sources */ = {isa = PBXBuildFile; fileRef = CDE43C102C8671250009CB87 /* ReactionView.swift */; };
		CDE47E8A2CBADE7000834783 /* RadialLayout.swift in Sources */ = {isa = PBXBuildFile; fileRef = CDE47E892CBADE6D00834783 /* RadialLayout.swift */; };
		CDE879012C778EA700052193 /* IridescentPreview.swift in Sources */ = {isa = PBXBuildFile; fileRef = CDE879002C778E9F00052193 /* IridescentPreview.swift */; };
		CDF4BD662D054CFC00F8D775 /* Loupe.metal in Sources */ = {isa = PBXBuildFile; fileRef = CDF4BD652D054CF500F8D775 /* Loupe.metal */; };
		CDF4BD682D054D2B00F8D775 /* LoupePreview.swift in Sources */ = {isa = PBXBuildFile; fileRef = CDF4BD672D054D2900F8D775 /* LoupePreview.swift */; };
		CDF4BD6B2D054D4B00F8D775 /* Wave in Frameworks */ = {isa = PBXBuildFile; productRef = CDF4BD6A2D054D4B00F8D775 /* Wave */; };
		CDF4BD6D2D06045100F8D775 /* PhotoMessageView.swift in Sources */ = {isa = PBXBuildFile; fileRef = CDF4BD6C2D06044700F8D775 /* PhotoMessageView.swift */; };
		CDF4BD6F2D062A4200F8D775 /* Int.swift in Sources */ = {isa = PBXBuildFile; fileRef = CDF4BD6E2D062A4000F8D775 /* Int.swift */; };
		CDF4BD712D07A09A00F8D775 /* BiomeModel.swift in Sources */ = {isa = PBXBuildFile; fileRef = CDF4BD702D07A09700F8D775 /* BiomeModel.swift */; };
		CDF4BD752D09229A00F8D775 /* BiomeSphereView.swift in Sources */ = {isa = PBXBuildFile; fileRef = CDF4BD742D09229700F8D775 /* BiomeSphereView.swift */; };
		CDF4BD772D0930E100F8D775 /* TypingIndicator.swift in Sources */ = {isa = PBXBuildFile; fileRef = CDF4BD762D0930DB00F8D775 /* TypingIndicator.swift */; };
		CDF4BD7A2D0A200800F8D775 /* RadialBlur.swift in Sources */ = {isa = PBXBuildFile; fileRef = CDF4BD792D0A200100F8D775 /* RadialBlur.swift */; };
		CDF4BD7C2D0A835200F8D775 /* SizePreferenceKey.swift in Sources */ = {isa = PBXBuildFile; fileRef = CDF4BD7B2D0A834F00F8D775 /* SizePreferenceKey.swift */; };
		CDF4BD7F2D0AA42900F8D775 /* ReplyButton.swift in Sources */ = {isa = PBXBuildFile; fileRef = CDF4BD7E2D0AA42400F8D775 /* ReplyButton.swift */; };
		CDF4BD812D0BA51000F8D775 /* CustomHomeGesture.swift in Sources */ = {isa = PBXBuildFile; fileRef = CDF4BD802D0BA50B00F8D775 /* CustomHomeGesture.swift */; };
		CDF652B32C6EE1EC00C5D42B /* CustomCardDeckPageView.swift in Sources */ = {isa = PBXBuildFile; fileRef = CDF652B22C6EE1E700C5D42B /* CustomCardDeckPageView.swift */; };
/* End PBXBuildFile section */

/* Begin PBXBuildRule section */
		CD9F27412C5C3B100094C7E5 /* PBXBuildRule */ = {
			isa = PBXBuildRule;
			compilerSpec = com.apple.compilers.proxy.script;
			filePatterns = "*.ci.metal";
			fileType = pattern.proxy;
			inputFiles = (
			);
			isEditable = 1;
			outputFiles = (
				"$(DERIVED_FILE_DIR)/$(INPUT_FILE_BASE).air",
			);
			script = "xcrun metal -c -fcikernel  \"${INPUT_FILE_PATH}\" -o \"${SCRIPT_OUTPUT_FILE_0}\"\n";
		};
		CD9F27422C5C3B770094C7E5 /* PBXBuildRule */ = {
			isa = PBXBuildRule;
			compilerSpec = com.apple.compilers.proxy.script;
			filePatterns = "*.ci.air";
			fileType = pattern.proxy;
			inputFiles = (
			);
			isEditable = 1;
			outputFiles = (
				"$(METAL_LIBRARY_OUTPUT_DIR)/$(INPUT_FILE_BASE).metallib",
			);
			script = "xcrun metallib -cikernel \"${INPUT_FILE_PATH}\" -o \"${SCRIPT_OUTPUT_FILE_0}\"\n";
		};
/* End PBXBuildRule section */

/* Begin PBXContainerItemProxy section */
		CDDED7482C194C8600958B39 /* PBXContainerItemProxy */ = {
			isa = PBXContainerItemProxy;
			containerPortal = CDDED72A2C194C8400958B39 /* Project object */;
			proxyType = 1;
			remoteGlobalIDString = CDDED7312C194C8400958B39;
			remoteInfo = acusia;
		};
		CDDED7522C194C8600958B39 /* PBXContainerItemProxy */ = {
			isa = PBXContainerItemProxy;
			containerPortal = CDDED72A2C194C8400958B39 /* Project object */;
			proxyType = 1;
			remoteGlobalIDString = CDDED7312C194C8400958B39;
			remoteInfo = acusia;
		};
/* End PBXContainerItemProxy section */

/* Begin PBXFileReference section */
		CD06C26F2C69B10100FC010C /* IndexSheet.swift */ = {isa = PBXFileReference; lastKnownFileType = sourcecode.swift; path = IndexSheet.swift; sourceTree = "<group>"; };
		CD0D90502CA3C31A004FD674 /* Notification.swift */ = {isa = PBXFileReference; lastKnownFileType = sourcecode.swift; path = Notification.swift; sourceTree = "<group>"; };
		CD17C10D2CB195400014D3FD /* SafeArea.swift */ = {isa = PBXFileReference; lastKnownFileType = sourcecode.swift; path = SafeArea.swift; sourceTree = "<group>"; };
		CD264CD72CD3A6B600A74D7E /* Grok.metal */ = {isa = PBXFileReference; lastKnownFileType = sourcecode.metal; path = Grok.metal; sourceTree = "<group>"; };
		CD264CDF2CD69AD300A74D7E /* AuxiliaryContextMenu.swift */ = {isa = PBXFileReference; lastKnownFileType = sourcecode.swift; path = AuxiliaryContextMenu.swift; sourceTree = "<group>"; };
		CD27939B2C7B883C00486C1D /* AvatarView.swift */ = {isa = PBXFileReference; lastKnownFileType = sourcecode.swift; path = AvatarView.swift; sourceTree = "<group>"; };
		CD43B2BE2CDC0D8C0018DB16 /* Path.swift */ = {isa = PBXFileReference; lastKnownFileType = sourcecode.swift; path = Path.swift; sourceTree = "<group>"; };
		CD43B2C02CDD73740018DB16 /* BiomeExpandedView.swift */ = {isa = PBXFileReference; lastKnownFileType = sourcecode.swift; path = BiomeExpandedView.swift; sourceTree = "<group>"; };
		CD43B2C22CDEFBA10018DB16 /* EntityView.swift */ = {isa = PBXFileReference; lastKnownFileType = sourcecode.swift; path = EntityView.swift; sourceTree = "<group>"; };
		CD43B2C42CDFB4AA0018DB16 /* AuxiliaryView.swift */ = {isa = PBXFileReference; lastKnownFileType = sourcecode.swift; path = AuxiliaryView.swift; sourceTree = "<group>"; };
		CD43B2C62CE136830018DB16 /* EntityModel.swift */ = {isa = PBXFileReference; lastKnownFileType = sourcecode.swift; path = EntityModel.swift; sourceTree = "<group>"; };
		CD4BAA9F2C950A570005F3DB /* Ripple.metal */ = {isa = PBXFileReference; lastKnownFileType = sourcecode.metal; path = Ripple.metal; sourceTree = "<group>"; };
		CD4BAAA12C950BAC0005F3DB /* RippleEffect.swift */ = {isa = PBXFileReference; lastKnownFileType = sourcecode.swift; path = RippleEffect.swift; sourceTree = "<group>"; };
		CD54A56E2CB72E9900B257EA /* PixellatePreview.swift */ = {isa = PBXFileReference; lastKnownFileType = sourcecode.swift; path = PixellatePreview.swift; sourceTree = "<group>"; };
		CD54A5702CB72F0B00B257EA /* Pixellate.metal */ = {isa = PBXFileReference; lastKnownFileType = sourcecode.metal; path = Pixellate.metal; sourceTree = "<group>"; };
		CD614C3F2C7488FF0059C80F /* MusicKit.swift */ = {isa = PBXFileReference; lastKnownFileType = sourcecode.swift; path = MusicKit.swift; sourceTree = "<group>"; };
		CD614C412C74BA150059C80F /* MusicKitModel.swift */ = {isa = PBXFileReference; lastKnownFileType = sourcecode.swift; path = MusicKitModel.swift; sourceTree = "<group>"; };
		CD6438C82C92828900D7436E /* HoloManager.swift */ = {isa = PBXFileReference; lastKnownFileType = sourcecode.swift; path = HoloManager.swift; sourceTree = "<group>"; };
		CD6438CA2C92C22F00D7436E /* HoloShaderView.swift */ = {isa = PBXFileReference; lastKnownFileType = sourcecode.swift; path = HoloShaderView.swift; sourceTree = "<group>"; };
		CD69761E2C51B9EA003E4481 /* Iridescent.metal */ = {isa = PBXFileReference; lastKnownFileType = sourcecode.metal; path = Iridescent.metal; sourceTree = "<group>"; };
		CD720E4D2CB8713A00CEEE00 /* BlipView.swift */ = {isa = PBXFileReference; lastKnownFileType = sourcecode.swift; path = BlipView.swift; sourceTree = "<group>"; };
		CD81D09E2D0081A50028F2DB /* UserModel.swift */ = {isa = PBXFileReference; lastKnownFileType = sourcecode.swift; path = UserModel.swift; sourceTree = "<group>"; };
		CD81D0A02D00834F0028F2DB /* Keychain.swift */ = {isa = PBXFileReference; lastKnownFileType = sourcecode.swift; path = Keychain.swift; sourceTree = "<group>"; };
		CD8A64382D00903800BE98DE /* FileCache.swift */ = {isa = PBXFileReference; lastKnownFileType = sourcecode.swift; path = FileCache.swift; sourceTree = "<group>"; };
		CD8A643A2D0092B100BE98DE /* JWT.swift */ = {isa = PBXFileReference; lastKnownFileType = sourcecode.swift; path = JWT.swift; sourceTree = "<group>"; };
		CD8CFDA52C6F02E600D7DEA7 /* HomeScreen.swift */ = {isa = PBXFileReference; lastKnownFileType = sourcecode.swift; path = HomeScreen.swift; sourceTree = "<group>"; };
		CD8D19842C29C5FF00FDC979 /* Info.plist */ = {isa = PBXFileReference; lastKnownFileType = text.plist.xml; path = Info.plist; sourceTree = "<group>"; };
		CD8E0BDA2C8D6C83003A6F91 /* TintedBlurView.swift */ = {isa = PBXFileReference; lastKnownFileType = sourcecode.swift; path = TintedBlurView.swift; sourceTree = "<group>"; };
		CD9245092CA6713100635716 /* SymmetryView.swift */ = {isa = PBXFileReference; lastKnownFileType = sourcecode.swift; path = SymmetryView.swift; sourceTree = "<group>"; };
		CD9F27432C5C3C2A0094C7E5 /* NormalMap.ci.metal */ = {isa = PBXFileReference; lastKnownFileType = sourcecode.metal; path = NormalMap.ci.metal; sourceTree = "<group>"; };
		CDABF18E2CD1838200FBE750 /* TextBubbleView.swift */ = {isa = PBXFileReference; lastKnownFileType = sourcecode.swift; path = TextBubbleView.swift; sourceTree = "<group>"; };
		CDAE7D0E2C718CA700254E56 /* LinearBlur.swift */ = {isa = PBXFileReference; lastKnownFileType = sourcecode.swift; path = LinearBlur.swift; sourceTree = "<group>"; };
		CDBDA23E2D009832005333B0 /* Auth.swift */ = {isa = PBXFileReference; lastKnownFileType = sourcecode.swift; path = Auth.swift; sourceTree = "<group>"; };
		CDBDA2422D00CE08005333B0 /* UIState.swift */ = {isa = PBXFileReference; lastKnownFileType = sourcecode.swift; path = UIState.swift; sourceTree = "<group>"; };
		CDBDA2442D00CF94005333B0 /* UDTModel.swift */ = {isa = PBXFileReference; lastKnownFileType = sourcecode.swift; path = UDTModel.swift; sourceTree = "<group>"; };
		CDBDA2472D00E1C3005333B0 /* ContextualMessageView.swift */ = {isa = PBXFileReference; lastKnownFileType = sourcecode.swift; path = ContextualMessageView.swift; sourceTree = "<group>"; };
		CDBDA2492D00E32C005333B0 /* MessageView.swift */ = {isa = PBXFileReference; lastKnownFileType = sourcecode.swift; path = MessageView.swift; sourceTree = "<group>"; };
		CDBDA24B2D00F28A005333B0 /* CreateSheet.swift */ = {isa = PBXFileReference; lastKnownFileType = sourcecode.swift; path = CreateSheet.swift; sourceTree = "<group>"; };
		CDBDA24D2D03B154005333B0 /* UserSheet.swift */ = {isa = PBXFileReference; lastKnownFileType = sourcecode.swift; path = UserSheet.swift; sourceTree = "<group>"; };
		CDBDA24F2D03CEC6005333B0 /* BiomePreviewView.swift */ = {isa = PBXFileReference; lastKnownFileType = sourcecode.swift; path = BiomePreviewView.swift; sourceTree = "<group>"; };
		CDC37D4B2C606C2A002D2709 /* Holo.metal */ = {isa = PBXFileReference; lastKnownFileType = sourcecode.metal; path = Holo.metal; sourceTree = "<group>"; };
		CDD48E2D2C62FA670001C4E8 /* MKSymbolShape.swift */ = {isa = PBXFileReference; lastKnownFileType = sourcecode.swift; path = MKSymbolShape.swift; sourceTree = "<group>"; };
		CDD77DA62C8FD93E00D5BCC1 /* HoloPreview.swift */ = {isa = PBXFileReference; lastKnownFileType = sourcecode.swift; path = HoloPreview.swift; sourceTree = "<group>"; };
		CDD77DA92C8FF83000D5BCC1 /* definitions.h */ = {isa = PBXFileReference; lastKnownFileType = sourcecode.c.h; path = definitions.h; sourceTree = "<group>"; };
		CDDED7322C194C8400958B39 /* acusia.app */ = {isa = PBXFileReference; explicitFileType = wrapper.application; includeInIndex = 0; path = acusia.app; sourceTree = BUILT_PRODUCTS_DIR; };
		CDDED7352C194C8400958B39 /* App.swift */ = {isa = PBXFileReference; lastKnownFileType = sourcecode.swift; path = App.swift; sourceTree = "<group>"; };
		CDDED7392C194C8500958B39 /* Assets.xcassets */ = {isa = PBXFileReference; lastKnownFileType = folder.assetcatalog; path = Assets.xcassets; sourceTree = "<group>"; };
		CDDED73C2C194C8500958B39 /* Preview Assets.xcassets */ = {isa = PBXFileReference; lastKnownFileType = folder.assetcatalog; path = "Preview Assets.xcassets"; sourceTree = "<group>"; };
		CDDED73E2C194C8500958B39 /* Persistence.swift */ = {isa = PBXFileReference; lastKnownFileType = sourcecode.swift; path = Persistence.swift; sourceTree = "<group>"; };
		CDDED7412C194C8500958B39 /* acusia.xcdatamodel */ = {isa = PBXFileReference; lastKnownFileType = wrapper.xcdatamodel; path = acusia.xcdatamodel; sourceTree = "<group>"; };
		CDDED7472C194C8600958B39 /* acusiaTests.xctest */ = {isa = PBXFileReference; explicitFileType = wrapper.cfbundle; includeInIndex = 0; path = acusiaTests.xctest; sourceTree = BUILT_PRODUCTS_DIR; };
		CDDED74B2C194C8600958B39 /* acusiaTests.swift */ = {isa = PBXFileReference; lastKnownFileType = sourcecode.swift; path = acusiaTests.swift; sourceTree = "<group>"; };
		CDDED7512C194C8600958B39 /* acusiaUITests.xctest */ = {isa = PBXFileReference; explicitFileType = wrapper.cfbundle; includeInIndex = 0; path = acusiaUITests.xctest; sourceTree = BUILT_PRODUCTS_DIR; };
		CDDED7552C194C8600958B39 /* acusiaUITests.swift */ = {isa = PBXFileReference; lastKnownFileType = sourcecode.swift; path = acusiaUITests.swift; sourceTree = "<group>"; };
		CDDED7572C194C8600958B39 /* acusiaUITestsLaunchTests.swift */ = {isa = PBXFileReference; lastKnownFileType = sourcecode.swift; path = acusiaUITestsLaunchTests.swift; sourceTree = "<group>"; };
		CDDED7852C19543D00958B39 /* CoreData.swift */ = {isa = PBXFileReference; lastKnownFileType = sourcecode.swift; path = CoreData.swift; sourceTree = "<group>"; };
		CDDED7882C1955BD00958B39 /* AuthScreen.swift */ = {isa = PBXFileReference; lastKnownFileType = sourcecode.swift; path = AuthScreen.swift; sourceTree = "<group>"; };
		CDDED79E2C1991D600958B39 /* acusia.entitlements */ = {isa = PBXFileReference; lastKnownFileType = text.plist.entitlements; path = acusia.entitlements; sourceTree = "<group>"; };
		CDE14A442C8118C400D0F172 /* PathViews.swift */ = {isa = PBXFileReference; lastKnownFileType = sourcecode.swift; path = PathViews.swift; sourceTree = "<group>"; };
		CDE43C102C8671250009CB87 /* ReactionView.swift */ = {isa = PBXFileReference; lastKnownFileType = sourcecode.swift; path = ReactionView.swift; sourceTree = "<group>"; };
		CDE47E892CBADE6D00834783 /* RadialLayout.swift */ = {isa = PBXFileReference; lastKnownFileType = sourcecode.swift; path = RadialLayout.swift; sourceTree = "<group>"; };
		CDE879002C778E9F00052193 /* IridescentPreview.swift */ = {isa = PBXFileReference; lastKnownFileType = sourcecode.swift; path = IridescentPreview.swift; sourceTree = "<group>"; };
		CDF4BD652D054CF500F8D775 /* Loupe.metal */ = {isa = PBXFileReference; lastKnownFileType = sourcecode.metal; path = Loupe.metal; sourceTree = "<group>"; };
		CDF4BD672D054D2900F8D775 /* LoupePreview.swift */ = {isa = PBXFileReference; lastKnownFileType = sourcecode.swift; path = LoupePreview.swift; sourceTree = "<group>"; };
		CDF4BD6C2D06044700F8D775 /* PhotoMessageView.swift */ = {isa = PBXFileReference; lastKnownFileType = sourcecode.swift; path = PhotoMessageView.swift; sourceTree = "<group>"; };
		CDF4BD6E2D062A4000F8D775 /* Int.swift */ = {isa = PBXFileReference; lastKnownFileType = sourcecode.swift; path = Int.swift; sourceTree = "<group>"; };
		CDF4BD702D07A09700F8D775 /* BiomeModel.swift */ = {isa = PBXFileReference; lastKnownFileType = sourcecode.swift; path = BiomeModel.swift; sourceTree = "<group>"; };
		CDF4BD742D09229700F8D775 /* BiomeSphereView.swift */ = {isa = PBXFileReference; lastKnownFileType = sourcecode.swift; path = BiomeSphereView.swift; sourceTree = "<group>"; };
		CDF4BD762D0930DB00F8D775 /* TypingIndicator.swift */ = {isa = PBXFileReference; lastKnownFileType = sourcecode.swift; path = TypingIndicator.swift; sourceTree = "<group>"; };
		CDF4BD792D0A200100F8D775 /* RadialBlur.swift */ = {isa = PBXFileReference; lastKnownFileType = sourcecode.swift; path = RadialBlur.swift; sourceTree = "<group>"; };
		CDF4BD7B2D0A834F00F8D775 /* SizePreferenceKey.swift */ = {isa = PBXFileReference; lastKnownFileType = sourcecode.swift; path = SizePreferenceKey.swift; sourceTree = "<group>"; };
		CDF4BD7E2D0AA42400F8D775 /* ReplyButton.swift */ = {isa = PBXFileReference; lastKnownFileType = sourcecode.swift; path = ReplyButton.swift; sourceTree = "<group>"; };
		CDF4BD802D0BA50B00F8D775 /* CustomHomeGesture.swift */ = {isa = PBXFileReference; lastKnownFileType = sourcecode.swift; path = CustomHomeGesture.swift; sourceTree = "<group>"; };
		CDF652B22C6EE1E700C5D42B /* CustomCardDeckPageView.swift */ = {isa = PBXFileReference; lastKnownFileType = sourcecode.swift; path = CustomCardDeckPageView.swift; sourceTree = "<group>"; };
/* End PBXFileReference section */

/* Begin PBXFileSystemSynchronizedBuildFileExceptionSet section */
		CDDED78B2C1959D000958B39 /* PBXFileSystemSynchronizedBuildFileExceptionSet */ = {
			isa = PBXFileSystemSynchronizedBuildFileExceptionSet;
			membershipExceptions = (
				KeychainHelper.swift,
				UIColor.swift,
				UIImageView.swift,
				UINavigationBar.swift,
				UIScreen.swift,
				UIView.swift,
			);
			target = CDDED7312C194C8400958B39 /* acusia */;
		};
/* End PBXFileSystemSynchronizedBuildFileExceptionSet section */

/* Begin PBXFileSystemSynchronizedRootGroup section */
		CDDED78A2C1959C600958B39 /* UIKit */ = {isa = PBXFileSystemSynchronizedRootGroup; exceptions = (CDDED78B2C1959D000958B39 /* PBXFileSystemSynchronizedBuildFileExceptionSet */, ); explicitFileTypes = {}; explicitFolders = (); path = UIKit; sourceTree = "<group>"; };
/* End PBXFileSystemSynchronizedRootGroup section */

/* Begin PBXFrameworksBuildPhase section */
		CDDED72F2C194C8400958B39 /* Frameworks */ = {
			isa = PBXFrameworksBuildPhase;
			buildActionMask = 2147483647;
			files = (
				CD264CFE2CD7B5E000A74D7E /* ContextMenuAuxiliaryPreview in Frameworks */,
				CD264CEF2CD7B45E00A74D7E /* ContextMenuAuxiliaryPreview in Frameworks */,
				CD0D90542CA40434004FD674 /* Kingfisher in Frameworks */,
				CD43B2AE2CD7BA450018DB16 /* ContextMenuAuxiliaryPreview in Frameworks */,
				CD17C1042CA8FC520014D3FD /* Transmission in Frameworks */,
				CDA73C392CD7B71A006F8B4A /* DGSwiftUtilities in Frameworks */,
				CD132AA32C6DDB7200C16804 /* BigUIPaging in Frameworks */,
				CD264CE42CD7B1F000A74D7E /* ContextMenuAuxiliaryPreview in Frameworks */,
				CDF4BD6B2D054D4B00F8D775 /* Wave in Frameworks */,
				CD264CE92CD7B37D00A74D7E /* ContextMenuAuxiliaryPreview in Frameworks */,
				CD264CEC2CD7B3A600A74D7E /* ContextMenuAuxiliaryPreview in Frameworks */,
				CD43B2BD2CD7DF1A0018DB16 /* ContextMenuAuxiliaryPreview in Frameworks */,
				CDA73C3D2CD7B7FE006F8B4A /* DGSwiftUtilities in Frameworks */,
			);
			runOnlyForDeploymentPostprocessing = 0;
		};
		CDDED7442C194C8600958B39 /* Frameworks */ = {
			isa = PBXFrameworksBuildPhase;
			buildActionMask = 2147483647;
			files = (
			);
			runOnlyForDeploymentPostprocessing = 0;
		};
		CDDED74E2C194C8600958B39 /* Frameworks */ = {
			isa = PBXFrameworksBuildPhase;
			buildActionMask = 2147483647;
			files = (
			);
			runOnlyForDeploymentPostprocessing = 0;
		};
/* End PBXFrameworksBuildPhase section */

/* Begin PBXGroup section */
		CD0E47D92C473BC600BBBB5F /* MusicKit */ = {
			isa = PBXGroup;
			children = (
				CD614C3F2C7488FF0059C80F /* MusicKit.swift */,
			);
			path = MusicKit;
			sourceTree = "<group>";
		};
		CD13D5252C3FAD84007E3120 /* Metal */ = {
			isa = PBXGroup;
			children = (
				CDD77DA92C8FF83000D5BCC1 /* definitions.h */,
				CD264CD72CD3A6B600A74D7E /* Grok.metal */,
				CDC37D492C606C16002D2709 /* Holo */,
				CDC37D442C6067FA002D2709 /* Iridescent */,
				CDF4BD642D054CF100F8D775 /* Loupe */,
				CD54A5722CB7307600B257EA /* PixellatedTextRenderer */,
				CD4BAA9E2C950A3F0005F3DB /* Ripple */,
			);
			path = Metal;
			sourceTree = "<group>";
		};
		CD4BAA9E2C950A3F0005F3DB /* Ripple */ = {
			isa = PBXGroup;
			children = (
				CD4BAAA12C950BAC0005F3DB /* RippleEffect.swift */,
				CD4BAA9F2C950A570005F3DB /* Ripple.metal */,
			);
			path = Ripple;
			sourceTree = "<group>";
		};
		CD54A5722CB7307600B257EA /* PixellatedTextRenderer */ = {
			isa = PBXGroup;
			children = (
				CD54A5702CB72F0B00B257EA /* Pixellate.metal */,
				CD54A56E2CB72E9900B257EA /* PixellatePreview.swift */,
			);
			path = PixellatedTextRenderer;
			sourceTree = "<group>";
		};
		CD8CFDA42C6F02AC00D7DEA7 /* App */ = {
			isa = PBXGroup;
			children = (
				CDDED7352C194C8400958B39 /* App.swift */,
				CDBDA23E2D009832005333B0 /* Auth.swift */,
				CDDED7852C19543D00958B39 /* CoreData.swift */,
				CDDED73E2C194C8500958B39 /* Persistence.swift */,
				CDBDA2422D00CE08005333B0 /* UIState.swift */,
			);
			path = App;
			sourceTree = "<group>";
		};
		CDAB511C2CC1FDE7000CACF0 /* Frameworks */ = {
			isa = PBXGroup;
			children = (
			);
			name = Frameworks;
			sourceTree = "<group>";
		};
		CDBDA2462D00E11E005333B0 /* Message */ = {
			isa = PBXGroup;
			children = (
				CDF4BD6C2D06044700F8D775 /* PhotoMessageView.swift */,
				CD43B2C42CDFB4AA0018DB16 /* AuxiliaryView.swift */,
				CD720E4D2CB8713A00CEEE00 /* BlipView.swift */,
				CDBDA2472D00E1C3005333B0 /* ContextualMessageView.swift */,
				CD43B2C22CDEFBA10018DB16 /* EntityView.swift */,
				CDBDA2492D00E32C005333B0 /* MessageView.swift */,
				CDE14A442C8118C400D0F172 /* PathViews.swift */,
				CDABF18E2CD1838200FBE750 /* TextBubbleView.swift */,
			);
			path = Message;
			sourceTree = "<group>";
		};
		CDC37D442C6067FA002D2709 /* Iridescent */ = {
			isa = PBXGroup;
			children = (
				CDE879002C778E9F00052193 /* IridescentPreview.swift */,
				CD69761E2C51B9EA003E4481 /* Iridescent.metal */,
			);
			path = Iridescent;
			sourceTree = "<group>";
		};
		CDC37D492C606C16002D2709 /* Holo */ = {
			isa = PBXGroup;
			children = (
				CD6438CA2C92C22F00D7436E /* HoloShaderView.swift */,
				CD6438C82C92828900D7436E /* HoloManager.swift */,
				CDD77DA62C8FD93E00D5BCC1 /* HoloPreview.swift */,
				CDC37D4B2C606C2A002D2709 /* Holo.metal */,
			);
			path = Holo;
			sourceTree = "<group>";
		};
		CDDED7292C194C8400958B39 = {
			isa = PBXGroup;
			children = (
				CDDED7342C194C8400958B39 /* acusia */,
				CDDED74A2C194C8600958B39 /* acusiaTests */,
				CDDED7542C194C8600958B39 /* acusiaUITests */,
				CDAB511C2CC1FDE7000CACF0 /* Frameworks */,
				CDDED7332C194C8400958B39 /* Products */,
			);
			sourceTree = "<group>";
		};
		CDDED7332C194C8400958B39 /* Products */ = {
			isa = PBXGroup;
			children = (
				CDDED7322C194C8400958B39 /* acusia.app */,
				CDDED7472C194C8600958B39 /* acusiaTests.xctest */,
				CDDED7512C194C8600958B39 /* acusiaUITests.xctest */,
			);
			name = Products;
			sourceTree = "<group>";
		};
		CDDED7342C194C8400958B39 /* acusia */ = {
			isa = PBXGroup;
			children = (
				CDDED79E2C1991D600958B39 /* acusia.entitlements */,
				CD8D19842C29C5FF00FDC979 /* Info.plist */,
				CDDED7392C194C8500958B39 /* Assets.xcassets */,
				CDDED7402C194C8500958B39 /* acusia.xcdatamodeld */,
				CD8CFDA42C6F02AC00D7DEA7 /* App */,
				CDDED7712C1951BE00958B39 /* Components */,
				CD13D5252C3FAD84007E3120 /* Metal */,
				CDDED77C2C19520300958B39 /* Models */,
				CD0E47D92C473BC600BBBB5F /* MusicKit */,
				CDDED73B2C194C8500958B39 /* Preview Content */,
				CDDED7872C1955A500958B39 /* Screens */,
				CDDED76A2C19516B00958B39 /* Utils */,
			);
			path = acusia;
			sourceTree = "<group>";
		};
		CDDED73B2C194C8500958B39 /* Preview Content */ = {
			isa = PBXGroup;
			children = (
				CDDED73C2C194C8500958B39 /* Preview Assets.xcassets */,
			);
			path = "Preview Content";
			sourceTree = "<group>";
		};
		CDDED74A2C194C8600958B39 /* acusiaTests */ = {
			isa = PBXGroup;
			children = (
				CDDED74B2C194C8600958B39 /* acusiaTests.swift */,
			);
			path = acusiaTests;
			sourceTree = "<group>";
		};
		CDDED7542C194C8600958B39 /* acusiaUITests */ = {
			isa = PBXGroup;
			children = (
				CDDED7552C194C8600958B39 /* acusiaUITests.swift */,
				CDDED7572C194C8600958B39 /* acusiaUITestsLaunchTests.swift */,
			);
			path = acusiaUITests;
			sourceTree = "<group>";
		};
		CDDED76A2C19516B00958B39 /* Utils */ = {
			isa = PBXGroup;
			children = (
				CDF4BD802D0BA50B00F8D775 /* CustomHomeGesture.swift */,
				CD264CDF2CD69AD300A74D7E /* AuxiliaryContextMenu.swift */,
				CDF652B22C6EE1E700C5D42B /* CustomCardDeckPageView.swift */,
				CD8A64382D00903800BE98DE /* FileCache.swift */,
				CDF4BD6E2D062A4000F8D775 /* Int.swift */,
				CD8A643A2D0092B100BE98DE /* JWT.swift */,
				CD81D0A02D00834F0028F2DB /* Keychain.swift */,
				CDD48E2D2C62FA670001C4E8 /* MKSymbolShape.swift */,
				CD9F27432C5C3C2A0094C7E5 /* NormalMap.ci.metal */,
				CD0D90502CA3C31A004FD674 /* Notification.swift */,
				CD43B2BE2CDC0D8C0018DB16 /* Path.swift */,
				CD17C10D2CB195400014D3FD /* SafeArea.swift */,
				CDF4BD7B2D0A834F00F8D775 /* SizePreferenceKey.swift */,
				CDDED78A2C1959C600958B39 /* UIKit */,
			);
			path = Utils;
			sourceTree = "<group>";
		};
		CDDED7712C1951BE00958B39 /* Components */ = {
			isa = PBXGroup;
			children = (
				CD27939B2C7B883C00486C1D /* AvatarView.swift */,
				CDF4BD7D2D0A8E6000F8D775 /* Biomes */,
				CDF4BD782D0A1FF500F8D775 /* Blurs */,
				CDBDA2462D00E11E005333B0 /* Message */,
				CDE47E892CBADE6D00834783 /* RadialLayout.swift */,
				CDE43C102C8671250009CB87 /* ReactionView.swift */,
				CD9245092CA6713100635716 /* SymmetryView.swift */,
			);
			path = Components;
			sourceTree = "<group>";
		};
		CDDED77C2C19520300958B39 /* Models */ = {
			isa = PBXGroup;
			children = (
				CDF4BD702D07A09700F8D775 /* BiomeModel.swift */,
				CDBDA2442D00CF94005333B0 /* UDTModel.swift */,
				CD81D09E2D0081A50028F2DB /* UserModel.swift */,
				CD43B2C62CE136830018DB16 /* EntityModel.swift */,
				CD614C412C74BA150059C80F /* MusicKitModel.swift */,
			);
			path = Models;
			sourceTree = "<group>";
		};
		CDDED7872C1955A500958B39 /* Screens */ = {
			isa = PBXGroup;
			children = (
				CDBDA24D2D03B154005333B0 /* UserSheet.swift */,
				CDBDA24B2D00F28A005333B0 /* CreateSheet.swift */,
				CDDED7882C1955BD00958B39 /* AuthScreen.swift */,
				CD8CFDA52C6F02E600D7DEA7 /* HomeScreen.swift */,
				CD06C26F2C69B10100FC010C /* IndexSheet.swift */,
			);
			path = Screens;
			sourceTree = "<group>";
		};
		CDF4BD642D054CF100F8D775 /* Loupe */ = {
			isa = PBXGroup;
			children = (
				CDF4BD672D054D2900F8D775 /* LoupePreview.swift */,
				CDF4BD652D054CF500F8D775 /* Loupe.metal */,
			);
			path = Loupe;
			sourceTree = "<group>";
		};
		CDF4BD782D0A1FF500F8D775 /* Blurs */ = {
			isa = PBXGroup;
			children = (
				CDF4BD792D0A200100F8D775 /* RadialBlur.swift */,
				CD8E0BDA2C8D6C83003A6F91 /* TintedBlurView.swift */,
				CDAE7D0E2C718CA700254E56 /* LinearBlur.swift */,
			);
			path = Blurs;
			sourceTree = "<group>";
		};
		CDF4BD7D2D0A8E6000F8D775 /* Biomes */ = {
			isa = PBXGroup;
			children = (
				CDF4BD7E2D0AA42400F8D775 /* ReplyButton.swift */,
				CDBDA24F2D03CEC6005333B0 /* BiomePreviewView.swift */,
				CDF4BD762D0930DB00F8D775 /* TypingIndicator.swift */,
				CD43B2C02CDD73740018DB16 /* BiomeExpandedView.swift */,
				CDF4BD742D09229700F8D775 /* BiomeSphereView.swift */,
			);
			path = Biomes;
			sourceTree = "<group>";
		};
/* End PBXGroup section */

/* Begin PBXNativeTarget section */
		CDDED7312C194C8400958B39 /* acusia */ = {
			isa = PBXNativeTarget;
			buildConfigurationList = CDDED75B2C194C8600958B39 /* Build configuration list for PBXNativeTarget "acusia" */;
			buildPhases = (
				CDDED72E2C194C8400958B39 /* Sources */,
				CDDED72F2C194C8400958B39 /* Frameworks */,
				CDDED7302C194C8400958B39 /* Resources */,
			);
			buildRules = (
				CD9F27422C5C3B770094C7E5 /* PBXBuildRule */,
				CD9F27412C5C3B100094C7E5 /* PBXBuildRule */,
			);
			dependencies = (
			);
			name = acusia;
			packageProductDependencies = (
				CD132AA22C6DDB7200C16804 /* BigUIPaging */,
				CD0D90532CA40434004FD674 /* Kingfisher */,
				CD17C1032CA8FC520014D3FD /* Transmission */,
				CD264CE32CD7B1F000A74D7E /* ContextMenuAuxiliaryPreview */,
				CD264CE82CD7B37D00A74D7E /* ContextMenuAuxiliaryPreview */,
				CD264CEB2CD7B3A600A74D7E /* ContextMenuAuxiliaryPreview */,
				CD264CEE2CD7B45E00A74D7E /* ContextMenuAuxiliaryPreview */,
				CD264CFD2CD7B5E000A74D7E /* ContextMenuAuxiliaryPreview */,
				CDA73C382CD7B71A006F8B4A /* DGSwiftUtilities */,
				CDA73C3C2CD7B7FE006F8B4A /* DGSwiftUtilities */,
				CD43B2AD2CD7BA450018DB16 /* ContextMenuAuxiliaryPreview */,
				CD43B2BC2CD7DF1A0018DB16 /* ContextMenuAuxiliaryPreview */,
				CDF4BD6A2D054D4B00F8D775 /* Wave */,
			);
			productName = acusia;
			productReference = CDDED7322C194C8400958B39 /* acusia.app */;
			productType = "com.apple.product-type.application";
		};
		CDDED7462C194C8600958B39 /* acusiaTests */ = {
			isa = PBXNativeTarget;
			buildConfigurationList = CDDED75E2C194C8600958B39 /* Build configuration list for PBXNativeTarget "acusiaTests" */;
			buildPhases = (
				CDDED7432C194C8600958B39 /* Sources */,
				CDDED7442C194C8600958B39 /* Frameworks */,
				CDDED7452C194C8600958B39 /* Resources */,
			);
			buildRules = (
			);
			dependencies = (
				CDDED7492C194C8600958B39 /* PBXTargetDependency */,
			);
			name = acusiaTests;
			productName = acusiaTests;
			productReference = CDDED7472C194C8600958B39 /* acusiaTests.xctest */;
			productType = "com.apple.product-type.bundle.unit-test";
		};
		CDDED7502C194C8600958B39 /* acusiaUITests */ = {
			isa = PBXNativeTarget;
			buildConfigurationList = CDDED7612C194C8600958B39 /* Build configuration list for PBXNativeTarget "acusiaUITests" */;
			buildPhases = (
				CDDED74D2C194C8600958B39 /* Sources */,
				CDDED74E2C194C8600958B39 /* Frameworks */,
				CDDED74F2C194C8600958B39 /* Resources */,
			);
			buildRules = (
			);
			dependencies = (
				CDDED7532C194C8600958B39 /* PBXTargetDependency */,
			);
			name = acusiaUITests;
			productName = acusiaUITests;
			productReference = CDDED7512C194C8600958B39 /* acusiaUITests.xctest */;
			productType = "com.apple.product-type.bundle.ui-testing";
		};
/* End PBXNativeTarget section */

/* Begin PBXProject section */
		CDDED72A2C194C8400958B39 /* Project object */ = {
			isa = PBXProject;
			attributes = {
				BuildIndependentTargetsInParallel = 1;
				LastSwiftUpdateCheck = 1600;
				LastUpgradeCheck = 1600;
				TargetAttributes = {
					CDDED7312C194C8400958B39 = {
						CreatedOnToolsVersion = 16.0;
					};
					CDDED7462C194C8600958B39 = {
						CreatedOnToolsVersion = 16.0;
						TestTargetID = CDDED7312C194C8400958B39;
					};
					CDDED7502C194C8600958B39 = {
						CreatedOnToolsVersion = 16.0;
						TestTargetID = CDDED7312C194C8400958B39;
					};
				};
			};
			buildConfigurationList = CDDED72D2C194C8400958B39 /* Build configuration list for PBXProject "acusia" */;
			compatibilityVersion = "Xcode 15.0";
			developmentRegion = en;
			hasScannedForEncodings = 0;
			knownRegions = (
				en,
				Base,
			);
			mainGroup = CDDED7292C194C8400958B39;
			packageReferences = (
				CD3B7A292C6DC22200DDE3EF /* XCRemoteSwiftPackageReference "BigUIPaging" */,
				CD0D90522CA40434004FD674 /* XCRemoteSwiftPackageReference "Kingfisher" */,
				CD17C1022CA8FC520014D3FD /* XCRemoteSwiftPackageReference "Transmission" */,
				CD43B2BB2CD7DF1A0018DB16 /* XCLocalSwiftPackageReference "../forked/ContextMenuAuxiliaryPreview" */,
				CDF4BD692D054D4B00F8D775 /* XCRemoteSwiftPackageReference "Wave" */,
			);
			productRefGroup = CDDED7332C194C8400958B39 /* Products */;
			projectDirPath = "";
			projectRoot = "";
			targets = (
				CDDED7312C194C8400958B39 /* acusia */,
				CDDED7462C194C8600958B39 /* acusiaTests */,
				CDDED7502C194C8600958B39 /* acusiaUITests */,
			);
		};
/* End PBXProject section */

/* Begin PBXResourcesBuildPhase section */
		CDDED7302C194C8400958B39 /* Resources */ = {
			isa = PBXResourcesBuildPhase;
			buildActionMask = 2147483647;
			files = (
				CDDED73D2C194C8500958B39 /* Preview Assets.xcassets in Resources */,
				CDDED73A2C194C8500958B39 /* Assets.xcassets in Resources */,
			);
			runOnlyForDeploymentPostprocessing = 0;
		};
		CDDED7452C194C8600958B39 /* Resources */ = {
			isa = PBXResourcesBuildPhase;
			buildActionMask = 2147483647;
			files = (
			);
			runOnlyForDeploymentPostprocessing = 0;
		};
		CDDED74F2C194C8600958B39 /* Resources */ = {
			isa = PBXResourcesBuildPhase;
			buildActionMask = 2147483647;
			files = (
			);
			runOnlyForDeploymentPostprocessing = 0;
		};
/* End PBXResourcesBuildPhase section */

/* Begin PBXSourcesBuildPhase section */
		CDDED72E2C194C8400958B39 /* Sources */ = {
			isa = PBXSourcesBuildPhase;
			buildActionMask = 2147483647;
			files = (
				CD43B2C72CE136860018DB16 /* EntityModel.swift in Sources */,
				CD6438C92C92829000D7436E /* HoloManager.swift in Sources */,
				CDBDA24A2D00E32E005333B0 /* MessageView.swift in Sources */,
				CD8A64392D00903B00BE98DE /* FileCache.swift in Sources */,
				CDF4BD752D09229A00F8D775 /* BiomeSphereView.swift in Sources */,
				CDBDA2502D03CECC005333B0 /* BiomePreviewView.swift in Sources */,
				CDDED7862C19543D00958B39 /* CoreData.swift in Sources */,
				CDF652B32C6EE1EC00C5D42B /* CustomCardDeckPageView.swift in Sources */,
				CDD48E2E2C62FA6B0001C4E8 /* MKSymbolShape.swift in Sources */,
				CD264CE02CD69ADD00A74D7E /* AuxiliaryContextMenu.swift in Sources */,
				CDF4BD7F2D0AA42900F8D775 /* ReplyButton.swift in Sources */,
				CD6438CB2C92C23E00D7436E /* HoloShaderView.swift in Sources */,
				CDE43C112C8671280009CB87 /* ReactionView.swift in Sources */,
				CD4BAAA02C950A570005F3DB /* Ripple.metal in Sources */,
				CD9F27442C5C3C2A0094C7E5 /* NormalMap.ci.metal in Sources */,
				CD69761F2C51B9F0003E4481 /* Iridescent.metal in Sources */,
				CD614C422C74BA1D0059C80F /* MusicKitModel.swift in Sources */,
				CDD77DA72C8FD94200D5BCC1 /* HoloPreview.swift in Sources */,
				CDF4BD682D054D2B00F8D775 /* LoupePreview.swift in Sources */,
				CD17C10E2CB195420014D3FD /* SafeArea.swift in Sources */,
				CD43B2C52CDFB4AD0018DB16 /* AuxiliaryView.swift in Sources */,
				CD06C2702C69B10600FC010C /* IndexSheet.swift in Sources */,
				CDAE7D0F2C718CA900254E56 /* LinearBlur.swift in Sources */,
				CDBDA24E2D03B156005333B0 /* UserSheet.swift in Sources */,
				CDBDA24C2D00F28F005333B0 /* CreateSheet.swift in Sources */,
				CDF4BD7C2D0A835200F8D775 /* SizePreferenceKey.swift in Sources */,
				CDDED73F2C194C8500958B39 /* Persistence.swift in Sources */,
				CDF4BD6F2D062A4200F8D775 /* Int.swift in Sources */,
				CDF4BD6D2D06045100F8D775 /* PhotoMessageView.swift in Sources */,
				CDF4BD7A2D0A200800F8D775 /* RadialBlur.swift in Sources */,
				CD43B2C32CDEFBA40018DB16 /* EntityView.swift in Sources */,
				CDE14A452C8118C600D0F172 /* PathViews.swift in Sources */,
				CDDED7422C194C8500958B39 /* acusia.xcdatamodeld in Sources */,
				CD8CFDA62C6F02E600D7DEA7 /* HomeScreen.swift in Sources */,
				CD92450A2CA6713800635716 /* SymmetryView.swift in Sources */,
				CD54A56F2CB72E9B00B257EA /* PixellatePreview.swift in Sources */,
				CD43B2BF2CDC0D900018DB16 /* Path.swift in Sources */,
				CDDED7892C1955C100958B39 /* AuthScreen.swift in Sources */,
				CDC37D4C2C606C2A002D2709 /* Holo.metal in Sources */,
				CDF4BD662D054CFC00F8D775 /* Loupe.metal in Sources */,
				CD614C402C7489050059C80F /* MusicKit.swift in Sources */,
				CD4BAAA22C950BB00005F3DB /* RippleEffect.swift in Sources */,
				CD43B2C12CDD73770018DB16 /* BiomeExpandedView.swift in Sources */,
				CD8E0BDB2C8D6C8C003A6F91 /* TintedBlurView.swift in Sources */,
				CDDED7362C194C8400958B39 /* App.swift in Sources */,
				CDBDA2452D00CF99005333B0 /* UDTModel.swift in Sources */,
				CDBDA2482D00E1C9005333B0 /* ContextualMessageView.swift in Sources */,
				CDABF18F2CD1838F00FBE750 /* TextBubbleView.swift in Sources */,
				CD54A5712CB72F1200B257EA /* Pixellate.metal in Sources */,
				CD264CD82CD3A6B600A74D7E /* Grok.metal in Sources */,
				CD27939C2C7B883D00486C1D /* AvatarView.swift in Sources */,
				CD8A643B2D0092B300BE98DE /* JWT.swift in Sources */,
				CDE47E8A2CBADE7000834783 /* RadialLayout.swift in Sources */,
				CD81D0A12D0083510028F2DB /* Keychain.swift in Sources */,
				CDBDA23F2D009834005333B0 /* Auth.swift in Sources */,
				CDF4BD712D07A09A00F8D775 /* BiomeModel.swift in Sources */,
				CDE879012C778EA700052193 /* IridescentPreview.swift in Sources */,
				CD81D09F2D0081A90028F2DB /* UserModel.swift in Sources */,
				CDF4BD812D0BA51000F8D775 /* CustomHomeGesture.swift in Sources */,
				CD0D90512CA3C31F004FD674 /* Notification.swift in Sources */,
				CD720E4E2CB8714100CEEE00 /* BlipView.swift in Sources */,
				CDF4BD772D0930E100F8D775 /* TypingIndicator.swift in Sources */,
				CDBDA2432D00CE0B005333B0 /* UIState.swift in Sources */,
			);
			runOnlyForDeploymentPostprocessing = 0;
		};
		CDDED7432C194C8600958B39 /* Sources */ = {
			isa = PBXSourcesBuildPhase;
			buildActionMask = 2147483647;
			files = (
				CDDED74C2C194C8600958B39 /* acusiaTests.swift in Sources */,
			);
			runOnlyForDeploymentPostprocessing = 0;
		};
		CDDED74D2C194C8600958B39 /* Sources */ = {
			isa = PBXSourcesBuildPhase;
			buildActionMask = 2147483647;
			files = (
				CDDED7582C194C8600958B39 /* acusiaUITestsLaunchTests.swift in Sources */,
				CDDED7562C194C8600958B39 /* acusiaUITests.swift in Sources */,
			);
			runOnlyForDeploymentPostprocessing = 0;
		};
/* End PBXSourcesBuildPhase section */

/* Begin PBXTargetDependency section */
		CDDED7492C194C8600958B39 /* PBXTargetDependency */ = {
			isa = PBXTargetDependency;
			target = CDDED7312C194C8400958B39 /* acusia */;
			targetProxy = CDDED7482C194C8600958B39 /* PBXContainerItemProxy */;
		};
		CDDED7532C194C8600958B39 /* PBXTargetDependency */ = {
			isa = PBXTargetDependency;
			target = CDDED7312C194C8400958B39 /* acusia */;
			targetProxy = CDDED7522C194C8600958B39 /* PBXContainerItemProxy */;
		};
/* End PBXTargetDependency section */

/* Begin XCBuildConfiguration section */
		CDDED7592C194C8600958B39 /* Debug */ = {
			isa = XCBuildConfiguration;
			buildSettings = {
				ALWAYS_SEARCH_USER_PATHS = NO;
				ASSETCATALOG_COMPILER_GENERATE_SWIFT_ASSET_SYMBOL_EXTENSIONS = YES;
				CLANG_ANALYZER_NONNULL = YES;
				CLANG_ANALYZER_NUMBER_OBJECT_CONVERSION = YES_AGGRESSIVE;
				CLANG_CXX_LANGUAGE_STANDARD = "gnu++20";
				CLANG_ENABLE_MODULES = YES;
				CLANG_ENABLE_OBJC_ARC = YES;
				CLANG_ENABLE_OBJC_WEAK = YES;
				CLANG_WARN_BLOCK_CAPTURE_AUTORELEASING = YES;
				CLANG_WARN_BOOL_CONVERSION = YES;
				CLANG_WARN_COMMA = YES;
				CLANG_WARN_CONSTANT_CONVERSION = YES;
				CLANG_WARN_DEPRECATED_OBJC_IMPLEMENTATIONS = YES;
				CLANG_WARN_DIRECT_OBJC_ISA_USAGE = YES_ERROR;
				CLANG_WARN_DOCUMENTATION_COMMENTS = YES;
				CLANG_WARN_EMPTY_BODY = YES;
				CLANG_WARN_ENUM_CONVERSION = YES;
				CLANG_WARN_INFINITE_RECURSION = YES;
				CLANG_WARN_INT_CONVERSION = YES;
				CLANG_WARN_NON_LITERAL_NULL_CONVERSION = YES;
				CLANG_WARN_OBJC_IMPLICIT_RETAIN_SELF = YES;
				CLANG_WARN_OBJC_LITERAL_CONVERSION = YES;
				CLANG_WARN_OBJC_ROOT_CLASS = YES_ERROR;
				CLANG_WARN_QUOTED_INCLUDE_IN_FRAMEWORK_HEADER = YES;
				CLANG_WARN_RANGE_LOOP_ANALYSIS = YES;
				CLANG_WARN_STRICT_PROTOTYPES = YES;
				CLANG_WARN_SUSPICIOUS_MOVE = YES;
				CLANG_WARN_UNGUARDED_AVAILABILITY = YES_AGGRESSIVE;
				CLANG_WARN_UNREACHABLE_CODE = YES;
				CLANG_WARN__DUPLICATE_METHOD_MATCH = YES;
				COPY_PHASE_STRIP = NO;
				DEBUG_INFORMATION_FORMAT = dwarf;
				ENABLE_STRICT_OBJC_MSGSEND = YES;
				ENABLE_TESTABILITY = YES;
				ENABLE_USER_SCRIPT_SANDBOXING = YES;
				GCC_C_LANGUAGE_STANDARD = gnu17;
				GCC_DYNAMIC_NO_PIC = NO;
				GCC_NO_COMMON_BLOCKS = YES;
				GCC_OPTIMIZATION_LEVEL = 0;
				GCC_PREPROCESSOR_DEFINITIONS = (
					"DEBUG=1",
					"$(inherited)",
				);
				GCC_WARN_64_TO_32_BIT_CONVERSION = YES;
				GCC_WARN_ABOUT_RETURN_TYPE = YES_ERROR;
				GCC_WARN_UNDECLARED_SELECTOR = YES;
				GCC_WARN_UNINITIALIZED_AUTOS = YES_AGGRESSIVE;
				GCC_WARN_UNUSED_FUNCTION = YES;
				GCC_WARN_UNUSED_VARIABLE = YES;
				IPHONEOS_DEPLOYMENT_TARGET = 18.0;
				LOCALIZATION_PREFERS_STRING_CATALOGS = YES;
				MTL_ENABLE_DEBUG_INFO = INCLUDE_SOURCE;
				MTL_FAST_MATH = YES;
				ONLY_ACTIVE_ARCH = YES;
				SDKROOT = iphoneos;
				SWIFT_ACTIVE_COMPILATION_CONDITIONS = "DEBUG $(inherited)";
				SWIFT_OPTIMIZATION_LEVEL = "-Onone";
			};
			name = Debug;
		};
		CDDED75A2C194C8600958B39 /* Release */ = {
			isa = XCBuildConfiguration;
			buildSettings = {
				ALWAYS_SEARCH_USER_PATHS = NO;
				ASSETCATALOG_COMPILER_GENERATE_SWIFT_ASSET_SYMBOL_EXTENSIONS = YES;
				CLANG_ANALYZER_NONNULL = YES;
				CLANG_ANALYZER_NUMBER_OBJECT_CONVERSION = YES_AGGRESSIVE;
				CLANG_CXX_LANGUAGE_STANDARD = "gnu++20";
				CLANG_ENABLE_MODULES = YES;
				CLANG_ENABLE_OBJC_ARC = YES;
				CLANG_ENABLE_OBJC_WEAK = YES;
				CLANG_WARN_BLOCK_CAPTURE_AUTORELEASING = YES;
				CLANG_WARN_BOOL_CONVERSION = YES;
				CLANG_WARN_COMMA = YES;
				CLANG_WARN_CONSTANT_CONVERSION = YES;
				CLANG_WARN_DEPRECATED_OBJC_IMPLEMENTATIONS = YES;
				CLANG_WARN_DIRECT_OBJC_ISA_USAGE = YES_ERROR;
				CLANG_WARN_DOCUMENTATION_COMMENTS = YES;
				CLANG_WARN_EMPTY_BODY = YES;
				CLANG_WARN_ENUM_CONVERSION = YES;
				CLANG_WARN_INFINITE_RECURSION = YES;
				CLANG_WARN_INT_CONVERSION = YES;
				CLANG_WARN_NON_LITERAL_NULL_CONVERSION = YES;
				CLANG_WARN_OBJC_IMPLICIT_RETAIN_SELF = YES;
				CLANG_WARN_OBJC_LITERAL_CONVERSION = YES;
				CLANG_WARN_OBJC_ROOT_CLASS = YES_ERROR;
				CLANG_WARN_QUOTED_INCLUDE_IN_FRAMEWORK_HEADER = YES;
				CLANG_WARN_RANGE_LOOP_ANALYSIS = YES;
				CLANG_WARN_STRICT_PROTOTYPES = YES;
				CLANG_WARN_SUSPICIOUS_MOVE = YES;
				CLANG_WARN_UNGUARDED_AVAILABILITY = YES_AGGRESSIVE;
				CLANG_WARN_UNREACHABLE_CODE = YES;
				CLANG_WARN__DUPLICATE_METHOD_MATCH = YES;
				COPY_PHASE_STRIP = NO;
				DEBUG_INFORMATION_FORMAT = "dwarf-with-dsym";
				ENABLE_NS_ASSERTIONS = NO;
				ENABLE_STRICT_OBJC_MSGSEND = YES;
				ENABLE_USER_SCRIPT_SANDBOXING = YES;
				GCC_C_LANGUAGE_STANDARD = gnu17;
				GCC_NO_COMMON_BLOCKS = YES;
				GCC_WARN_64_TO_32_BIT_CONVERSION = YES;
				GCC_WARN_ABOUT_RETURN_TYPE = YES_ERROR;
				GCC_WARN_UNDECLARED_SELECTOR = YES;
				GCC_WARN_UNINITIALIZED_AUTOS = YES_AGGRESSIVE;
				GCC_WARN_UNUSED_FUNCTION = YES;
				GCC_WARN_UNUSED_VARIABLE = YES;
				IPHONEOS_DEPLOYMENT_TARGET = 18.0;
				LOCALIZATION_PREFERS_STRING_CATALOGS = YES;
				MTL_ENABLE_DEBUG_INFO = NO;
				MTL_FAST_MATH = YES;
				SDKROOT = iphoneos;
				SWIFT_COMPILATION_MODE = wholemodule;
				VALIDATE_PRODUCT = YES;
			};
			name = Release;
		};
		CDDED75C2C194C8600958B39 /* Debug */ = {
			isa = XCBuildConfiguration;
			buildSettings = {
				ASSETCATALOG_COMPILER_APPICON_NAME = AppIcon;
				ASSETCATALOG_COMPILER_GLOBAL_ACCENT_COLOR_NAME = AccentColor;
				CODE_SIGN_ENTITLEMENTS = acusia/acusia.entitlements;
				CODE_SIGN_STYLE = Automatic;
				CURRENT_PROJECT_VERSION = 1;
				DEVELOPMENT_ASSET_PATHS = "\"acusia/Preview Content\"";
				DEVELOPMENT_TEAM = R7MA4PSUFQ;
				ENABLE_PREVIEWS = YES;
				GENERATE_INFOPLIST_FILE = YES;
				INFOPLIST_FILE = acusia/Info.plist;
				INFOPLIST_KEY_LSApplicationCategoryType = "public.app-category.social-networking";
				INFOPLIST_KEY_NSAppleMusicUsageDescription = "This app requires access to Apple Music to play songs you select.";
				INFOPLIST_KEY_UIApplicationSceneManifest_Generation = YES;
				INFOPLIST_KEY_UIApplicationSupportsIndirectInputEvents = YES;
				INFOPLIST_KEY_UILaunchScreen_Generation = YES;
				INFOPLIST_KEY_UISupportedInterfaceOrientations_iPad = "UIInterfaceOrientationPortrait UIInterfaceOrientationPortraitUpsideDown UIInterfaceOrientationLandscapeLeft UIInterfaceOrientationLandscapeRight";
				INFOPLIST_KEY_UISupportedInterfaceOrientations_iPhone = "UIInterfaceOrientationPortrait UIInterfaceOrientationLandscapeLeft UIInterfaceOrientationLandscapeRight";
				LD_RUNPATH_SEARCH_PATHS = (
					"$(inherited)",
					"@executable_path/Frameworks",
				);
				MARKETING_VERSION = 1.0;
				PRODUCT_BUNDLE_IDENTIFIER = com.atlas.core;
				PRODUCT_NAME = "$(TARGET_NAME)";
				SWIFT_EMIT_LOC_STRINGS = YES;
				SWIFT_VERSION = 5.0;
				TARGETED_DEVICE_FAMILY = "1,2";
			};
			name = Debug;
		};
		CDDED75D2C194C8600958B39 /* Release */ = {
			isa = XCBuildConfiguration;
			buildSettings = {
				ASSETCATALOG_COMPILER_APPICON_NAME = AppIcon;
				ASSETCATALOG_COMPILER_GLOBAL_ACCENT_COLOR_NAME = AccentColor;
				CODE_SIGN_ENTITLEMENTS = acusia/acusia.entitlements;
				CODE_SIGN_STYLE = Automatic;
				CURRENT_PROJECT_VERSION = 1;
				DEVELOPMENT_ASSET_PATHS = "\"acusia/Preview Content\"";
				DEVELOPMENT_TEAM = R7MA4PSUFQ;
				ENABLE_PREVIEWS = YES;
				GENERATE_INFOPLIST_FILE = YES;
				INFOPLIST_FILE = acusia/Info.plist;
				INFOPLIST_KEY_LSApplicationCategoryType = "public.app-category.social-networking";
				INFOPLIST_KEY_NSAppleMusicUsageDescription = "This app requires access to Apple Music to play songs you select.";
				INFOPLIST_KEY_UIApplicationSceneManifest_Generation = YES;
				INFOPLIST_KEY_UIApplicationSupportsIndirectInputEvents = YES;
				INFOPLIST_KEY_UILaunchScreen_Generation = YES;
				INFOPLIST_KEY_UISupportedInterfaceOrientations_iPad = "UIInterfaceOrientationPortrait UIInterfaceOrientationPortraitUpsideDown UIInterfaceOrientationLandscapeLeft UIInterfaceOrientationLandscapeRight";
				INFOPLIST_KEY_UISupportedInterfaceOrientations_iPhone = "UIInterfaceOrientationPortrait UIInterfaceOrientationLandscapeLeft UIInterfaceOrientationLandscapeRight";
				LD_RUNPATH_SEARCH_PATHS = (
					"$(inherited)",
					"@executable_path/Frameworks",
				);
				MARKETING_VERSION = 1.0;
				PRODUCT_BUNDLE_IDENTIFIER = com.atlas.core;
				PRODUCT_NAME = "$(TARGET_NAME)";
				SWIFT_EMIT_LOC_STRINGS = YES;
				SWIFT_VERSION = 5.0;
				TARGETED_DEVICE_FAMILY = "1,2";
			};
			name = Release;
		};
		CDDED75F2C194C8600958B39 /* Debug */ = {
			isa = XCBuildConfiguration;
			buildSettings = {
				BUNDLE_LOADER = "$(TEST_HOST)";
				CODE_SIGN_STYLE = Automatic;
				CURRENT_PROJECT_VERSION = 1;
				DEVELOPMENT_TEAM = R7MA4PSUFQ;
				GENERATE_INFOPLIST_FILE = YES;
				IPHONEOS_DEPLOYMENT_TARGET = 18.0;
				MARKETING_VERSION = 1.0;
				PRODUCT_BUNDLE_IDENTIFIER = "-.acusiaTests";
				PRODUCT_NAME = "$(TARGET_NAME)";
				SWIFT_EMIT_LOC_STRINGS = NO;
				SWIFT_VERSION = 5.0;
				TARGETED_DEVICE_FAMILY = "1,2";
				TEST_HOST = "$(BUILT_PRODUCTS_DIR)/acusia.app/$(BUNDLE_EXECUTABLE_FOLDER_PATH)/acusia";
			};
			name = Debug;
		};
		CDDED7602C194C8600958B39 /* Release */ = {
			isa = XCBuildConfiguration;
			buildSettings = {
				BUNDLE_LOADER = "$(TEST_HOST)";
				CODE_SIGN_STYLE = Automatic;
				CURRENT_PROJECT_VERSION = 1;
				DEVELOPMENT_TEAM = R7MA4PSUFQ;
				GENERATE_INFOPLIST_FILE = YES;
				IPHONEOS_DEPLOYMENT_TARGET = 18.0;
				MARKETING_VERSION = 1.0;
				PRODUCT_BUNDLE_IDENTIFIER = "-.acusiaTests";
				PRODUCT_NAME = "$(TARGET_NAME)";
				SWIFT_EMIT_LOC_STRINGS = NO;
				SWIFT_VERSION = 5.0;
				TARGETED_DEVICE_FAMILY = "1,2";
				TEST_HOST = "$(BUILT_PRODUCTS_DIR)/acusia.app/$(BUNDLE_EXECUTABLE_FOLDER_PATH)/acusia";
			};
			name = Release;
		};
		CDDED7622C194C8600958B39 /* Debug */ = {
			isa = XCBuildConfiguration;
			buildSettings = {
				CODE_SIGN_STYLE = Automatic;
				CURRENT_PROJECT_VERSION = 1;
				DEVELOPMENT_TEAM = R7MA4PSUFQ;
				GENERATE_INFOPLIST_FILE = YES;
				MARKETING_VERSION = 1.0;
				PRODUCT_BUNDLE_IDENTIFIER = "-.acusiaUITests";
				PRODUCT_NAME = "$(TARGET_NAME)";
				SWIFT_EMIT_LOC_STRINGS = NO;
				SWIFT_VERSION = 5.0;
				TARGETED_DEVICE_FAMILY = "1,2";
				TEST_TARGET_NAME = acusia;
			};
			name = Debug;
		};
		CDDED7632C194C8600958B39 /* Release */ = {
			isa = XCBuildConfiguration;
			buildSettings = {
				CODE_SIGN_STYLE = Automatic;
				CURRENT_PROJECT_VERSION = 1;
				DEVELOPMENT_TEAM = R7MA4PSUFQ;
				GENERATE_INFOPLIST_FILE = YES;
				MARKETING_VERSION = 1.0;
				PRODUCT_BUNDLE_IDENTIFIER = "-.acusiaUITests";
				PRODUCT_NAME = "$(TARGET_NAME)";
				SWIFT_EMIT_LOC_STRINGS = NO;
				SWIFT_VERSION = 5.0;
				TARGETED_DEVICE_FAMILY = "1,2";
				TEST_TARGET_NAME = acusia;
			};
			name = Release;
		};
/* End XCBuildConfiguration section */

/* Begin XCConfigurationList section */
		CDDED72D2C194C8400958B39 /* Build configuration list for PBXProject "acusia" */ = {
			isa = XCConfigurationList;
			buildConfigurations = (
				CDDED7592C194C8600958B39 /* Debug */,
				CDDED75A2C194C8600958B39 /* Release */,
			);
			defaultConfigurationIsVisible = 0;
			defaultConfigurationName = Release;
		};
		CDDED75B2C194C8600958B39 /* Build configuration list for PBXNativeTarget "acusia" */ = {
			isa = XCConfigurationList;
			buildConfigurations = (
				CDDED75C2C194C8600958B39 /* Debug */,
				CDDED75D2C194C8600958B39 /* Release */,
			);
			defaultConfigurationIsVisible = 0;
			defaultConfigurationName = Release;
		};
		CDDED75E2C194C8600958B39 /* Build configuration list for PBXNativeTarget "acusiaTests" */ = {
			isa = XCConfigurationList;
			buildConfigurations = (
				CDDED75F2C194C8600958B39 /* Debug */,
				CDDED7602C194C8600958B39 /* Release */,
			);
			defaultConfigurationIsVisible = 0;
			defaultConfigurationName = Release;
		};
		CDDED7612C194C8600958B39 /* Build configuration list for PBXNativeTarget "acusiaUITests" */ = {
			isa = XCConfigurationList;
			buildConfigurations = (
				CDDED7622C194C8600958B39 /* Debug */,
				CDDED7632C194C8600958B39 /* Release */,
			);
			defaultConfigurationIsVisible = 0;
			defaultConfigurationName = Release;
		};
/* End XCConfigurationList section */

/* Begin XCLocalSwiftPackageReference section */
		CD43B2BB2CD7DF1A0018DB16 /* XCLocalSwiftPackageReference "../forked/ContextMenuAuxiliaryPreview" */ = {
			isa = XCLocalSwiftPackageReference;
			relativePath = ../forked/ContextMenuAuxiliaryPreview;
		};
/* End XCLocalSwiftPackageReference section */

/* Begin XCRemoteSwiftPackageReference section */
		CD0D90522CA40434004FD674 /* XCRemoteSwiftPackageReference "Kingfisher" */ = {
			isa = XCRemoteSwiftPackageReference;
			repositoryURL = "https://github.com/onevcat/Kingfisher.git";
			requirement = {
				kind = upToNextMajorVersion;
				minimumVersion = 8.0.3;
			};
		};
		CD17C1022CA8FC520014D3FD /* XCRemoteSwiftPackageReference "Transmission" */ = {
			isa = XCRemoteSwiftPackageReference;
			repositoryURL = "https://github.com/nathantannar4/Transmission.git";
			requirement = {
				kind = upToNextMajorVersion;
				minimumVersion = 1.4.9;
			};
		};
		CD3B7A292C6DC22200DDE3EF /* XCRemoteSwiftPackageReference "BigUIPaging" */ = {
			isa = XCRemoteSwiftPackageReference;
			repositoryURL = "https://github.com/notsobigcompany/BigUIPaging.git";
			requirement = {
				kind = upToNextMajorVersion;
				minimumVersion = 0.0.3;
			};
		};
		CDF4BD692D054D4B00F8D775 /* XCRemoteSwiftPackageReference "Wave" */ = {
			isa = XCRemoteSwiftPackageReference;
			repositoryURL = "https://github.com/jtrivedi/Wave";
			requirement = {
				kind = upToNextMajorVersion;
				minimumVersion = 0.3.2;
			};
		};
/* End XCRemoteSwiftPackageReference section */

/* Begin XCSwiftPackageProductDependency section */
		CD0D90532CA40434004FD674 /* Kingfisher */ = {
			isa = XCSwiftPackageProductDependency;
			package = CD0D90522CA40434004FD674 /* XCRemoteSwiftPackageReference "Kingfisher" */;
			productName = Kingfisher;
		};
		CD132AA22C6DDB7200C16804 /* BigUIPaging */ = {
			isa = XCSwiftPackageProductDependency;
			package = CD3B7A292C6DC22200DDE3EF /* XCRemoteSwiftPackageReference "BigUIPaging" */;
			productName = BigUIPaging;
		};
		CD17C1032CA8FC520014D3FD /* Transmission */ = {
			isa = XCSwiftPackageProductDependency;
			package = CD17C1022CA8FC520014D3FD /* XCRemoteSwiftPackageReference "Transmission" */;
			productName = Transmission;
		};
		CD264CE32CD7B1F000A74D7E /* ContextMenuAuxiliaryPreview */ = {
			isa = XCSwiftPackageProductDependency;
			productName = ContextMenuAuxiliaryPreview;
		};
		CD264CE82CD7B37D00A74D7E /* ContextMenuAuxiliaryPreview */ = {
			isa = XCSwiftPackageProductDependency;
			productName = ContextMenuAuxiliaryPreview;
		};
		CD264CEB2CD7B3A600A74D7E /* ContextMenuAuxiliaryPreview */ = {
			isa = XCSwiftPackageProductDependency;
			productName = ContextMenuAuxiliaryPreview;
		};
		CD264CEE2CD7B45E00A74D7E /* ContextMenuAuxiliaryPreview */ = {
			isa = XCSwiftPackageProductDependency;
			productName = ContextMenuAuxiliaryPreview;
		};
		CD264CFD2CD7B5E000A74D7E /* ContextMenuAuxiliaryPreview */ = {
			isa = XCSwiftPackageProductDependency;
			productName = ContextMenuAuxiliaryPreview;
		};
		CD43B2AD2CD7BA450018DB16 /* ContextMenuAuxiliaryPreview */ = {
			isa = XCSwiftPackageProductDependency;
			productName = ContextMenuAuxiliaryPreview;
		};
		CD43B2BC2CD7DF1A0018DB16 /* ContextMenuAuxiliaryPreview */ = {
			isa = XCSwiftPackageProductDependency;
			productName = ContextMenuAuxiliaryPreview;
		};
		CDA73C382CD7B71A006F8B4A /* DGSwiftUtilities */ = {
			isa = XCSwiftPackageProductDependency;
			productName = DGSwiftUtilities;
		};
		CDA73C3C2CD7B7FE006F8B4A /* DGSwiftUtilities */ = {
			isa = XCSwiftPackageProductDependency;
			productName = DGSwiftUtilities;
		};
		CDF4BD6A2D054D4B00F8D775 /* Wave */ = {
			isa = XCSwiftPackageProductDependency;
			package = CDF4BD692D054D4B00F8D775 /* XCRemoteSwiftPackageReference "Wave" */;
			productName = Wave;
		};
/* End XCSwiftPackageProductDependency section */

/* Begin XCVersionGroup section */
		CDDED7402C194C8500958B39 /* acusia.xcdatamodeld */ = {
			isa = XCVersionGroup;
			children = (
				CDDED7412C194C8500958B39 /* acusia.xcdatamodel */,
			);
			currentVersion = CDDED7412C194C8500958B39 /* acusia.xcdatamodel */;
			path = acusia.xcdatamodeld;
			sourceTree = "<group>";
			versionGroupType = wrapper.xcdatamodel;
		};
/* End XCVersionGroup section */
	};
	rootObject = CDDED72A2C194C8400958B39 /* Project object */;
}
